// !$*UTF8*$!
{
	archiveVersion = 1;
	classes = {
	};
	objectVersion = 56;
	objects = {

/* Begin PBXBuildFile section */
		BD470D402966C4CE00404AB4 /* AppDelegate.swift in Sources */ = {isa = PBXBuildFile; fileRef = BD470D3F2966C4CE00404AB4 /* AppDelegate.swift */; };
		BD470D492966C4CF00404AB4 /* Assets.xcassets in Resources */ = {isa = PBXBuildFile; fileRef = BD470D482966C4CF00404AB4 /* Assets.xcassets */; };
		BD470D542966C66E00404AB4 /* SplashViewController.swift in Sources */ = {isa = PBXBuildFile; fileRef = BD470D532966C66E00404AB4 /* SplashViewController.swift */; };
		BD470D562966C74400404AB4 /* Scene.swift in Sources */ = {isa = PBXBuildFile; fileRef = BD470D552966C74400404AB4 /* Scene.swift */; };
		BD470D582966C88E00404AB4 /* GoogleService-Info.plist in Resources */ = {isa = PBXBuildFile; fileRef = BD470D572966C88E00404AB4 /* GoogleService-Info.plist */; };
		BD470D5E2966C8DB00404AB4 /* FirebaseManager.swift in Sources */ = {isa = PBXBuildFile; fileRef = BD470D5D2966C8DB00404AB4 /* FirebaseManager.swift */; };
		BD470D622966C98A00404AB4 /* TodayModel.swift in Sources */ = {isa = PBXBuildFile; fileRef = BD470D612966C98A00404AB4 /* TodayModel.swift */; };
		BD470D662966CA1000404AB4 /* EditView.swift in Sources */ = {isa = PBXBuildFile; fileRef = BD470D652966CA1000404AB4 /* EditView.swift */; };
		BD470D682966CA1500404AB4 /* EditViewController.swift in Sources */ = {isa = PBXBuildFile; fileRef = BD470D672966CA1500404AB4 /* EditViewController.swift */; };
		BD470D6A2966CA1900404AB4 /* EditViewModel.swift in Sources */ = {isa = PBXBuildFile; fileRef = BD470D692966CA1900404AB4 /* EditViewModel.swift */; };
		BD470D6C2966CA6500404AB4 /* SplashView.swift in Sources */ = {isa = PBXBuildFile; fileRef = BD470D6B2966CA6500404AB4 /* SplashView.swift */; };
		BD470D6E2966CA6C00404AB4 /* SplashViewModel.swift in Sources */ = {isa = PBXBuildFile; fileRef = BD470D6D2966CA6C00404AB4 /* SplashViewModel.swift */; };
		BD470D702966CC1700404AB4 /* EidtUnitView.swift in Sources */ = {isa = PBXBuildFile; fileRef = BD470D6F2966CC1700404AB4 /* EidtUnitView.swift */; };
		BD470D722966D42700404AB4 /* EditUnitViewModel.swift in Sources */ = {isa = PBXBuildFile; fileRef = BD470D712966D42700404AB4 /* EditUnitViewModel.swift */; };
		BD470D792966DDD600404AB4 /* DateManager.swift in Sources */ = {isa = PBXBuildFile; fileRef = BD470D782966DDD600404AB4 /* DateManager.swift */; };
		BD470D832966EE1800404AB4 /* PickerView.swift in Sources */ = {isa = PBXBuildFile; fileRef = BD470D822966EE1800404AB4 /* PickerView.swift */; };
		BD470D852966EE1C00404AB4 /* PickerViewController.swift in Sources */ = {isa = PBXBuildFile; fileRef = BD470D842966EE1C00404AB4 /* PickerViewController.swift */; };
		BD470D872966EE2100404AB4 /* PickerViewModel.swift in Sources */ = {isa = PBXBuildFile; fileRef = BD470D862966EE2100404AB4 /* PickerViewModel.swift */; };
		BD470D892966F80F00404AB4 /* TimeBlockModel.swift in Sources */ = {isa = PBXBuildFile; fileRef = BD470D882966F80F00404AB4 /* TimeBlockModel.swift */; };
		BD9A16C7296725E70093FB1C /* EditSumUnitView.swift in Sources */ = {isa = PBXBuildFile; fileRef = BD9A16C6296725E70093FB1C /* EditSumUnitView.swift */; };
		BD9A16C9296736430093FB1C /* UserDefaultsManager.swift in Sources */ = {isa = PBXBuildFile; fileRef = BD9A16C8296736430093FB1C /* UserDefaultsManager.swift */; };
		BDE6D02B2967DC1D00F79CB6 /* SplashViewController.storyboard in Resources */ = {isa = PBXBuildFile; fileRef = BDE6D02A2967DC1D00F79CB6 /* SplashViewController.storyboard */; };
		FFEE75A1C310A619BF24BA78 /* Pods_WorkCalculator.framework in Frameworks */ = {isa = PBXBuildFile; fileRef = BF7D2041780639BA852C6127 /* Pods_WorkCalculator.framework */; };
/* End PBXBuildFile section */

/* Begin PBXFileReference section */
		BD470D3C2966C4CE00404AB4 /* WorkCalculator.app */ = {isa = PBXFileReference; explicitFileType = wrapper.application; includeInIndex = 0; path = WorkCalculator.app; sourceTree = BUILT_PRODUCTS_DIR; };
		BD470D3F2966C4CE00404AB4 /* AppDelegate.swift */ = {isa = PBXFileReference; lastKnownFileType = sourcecode.swift; path = AppDelegate.swift; sourceTree = "<group>"; };
		BD470D482966C4CF00404AB4 /* Assets.xcassets */ = {isa = PBXFileReference; lastKnownFileType = folder.assetcatalog; path = Assets.xcassets; sourceTree = "<group>"; };
		BD470D4D2966C4CF00404AB4 /* Info.plist */ = {isa = PBXFileReference; lastKnownFileType = text.plist.xml; path = Info.plist; sourceTree = "<group>"; };
		BD470D532966C66E00404AB4 /* SplashViewController.swift */ = {isa = PBXFileReference; lastKnownFileType = sourcecode.swift; path = SplashViewController.swift; sourceTree = "<group>"; };
		BD470D552966C74400404AB4 /* Scene.swift */ = {isa = PBXFileReference; lastKnownFileType = sourcecode.swift; path = Scene.swift; sourceTree = "<group>"; };
		BD470D572966C88E00404AB4 /* GoogleService-Info.plist */ = {isa = PBXFileReference; fileEncoding = 4; lastKnownFileType = text.plist.xml; path = "GoogleService-Info.plist"; sourceTree = "<group>"; };
		BD470D5D2966C8DB00404AB4 /* FirebaseManager.swift */ = {isa = PBXFileReference; lastKnownFileType = sourcecode.swift; path = FirebaseManager.swift; sourceTree = "<group>"; };
		BD470D612966C98A00404AB4 /* TodayModel.swift */ = {isa = PBXFileReference; lastKnownFileType = sourcecode.swift; path = TodayModel.swift; sourceTree = "<group>"; };
		BD470D652966CA1000404AB4 /* EditView.swift */ = {isa = PBXFileReference; lastKnownFileType = sourcecode.swift; path = EditView.swift; sourceTree = "<group>"; };
		BD470D672966CA1500404AB4 /* EditViewController.swift */ = {isa = PBXFileReference; lastKnownFileType = sourcecode.swift; path = EditViewController.swift; sourceTree = "<group>"; };
		BD470D692966CA1900404AB4 /* EditViewModel.swift */ = {isa = PBXFileReference; lastKnownFileType = sourcecode.swift; path = EditViewModel.swift; sourceTree = "<group>"; };
		BD470D6B2966CA6500404AB4 /* SplashView.swift */ = {isa = PBXFileReference; lastKnownFileType = sourcecode.swift; path = SplashView.swift; sourceTree = "<group>"; };
		BD470D6D2966CA6C00404AB4 /* SplashViewModel.swift */ = {isa = PBXFileReference; lastKnownFileType = sourcecode.swift; path = SplashViewModel.swift; sourceTree = "<group>"; };
		BD470D6F2966CC1700404AB4 /* EidtUnitView.swift */ = {isa = PBXFileReference; lastKnownFileType = sourcecode.swift; path = EidtUnitView.swift; sourceTree = "<group>"; };
		BD470D712966D42700404AB4 /* EditUnitViewModel.swift */ = {isa = PBXFileReference; lastKnownFileType = sourcecode.swift; path = EditUnitViewModel.swift; sourceTree = "<group>"; };
		BD470D782966DDD600404AB4 /* DateManager.swift */ = {isa = PBXFileReference; lastKnownFileType = sourcecode.swift; path = DateManager.swift; sourceTree = "<group>"; };
		BD470D822966EE1800404AB4 /* PickerView.swift */ = {isa = PBXFileReference; lastKnownFileType = sourcecode.swift; path = PickerView.swift; sourceTree = "<group>"; };
		BD470D842966EE1C00404AB4 /* PickerViewController.swift */ = {isa = PBXFileReference; lastKnownFileType = sourcecode.swift; path = PickerViewController.swift; sourceTree = "<group>"; };
		BD470D862966EE2100404AB4 /* PickerViewModel.swift */ = {isa = PBXFileReference; lastKnownFileType = sourcecode.swift; path = PickerViewModel.swift; sourceTree = "<group>"; };
		BD470D882966F80F00404AB4 /* TimeBlockModel.swift */ = {isa = PBXFileReference; lastKnownFileType = sourcecode.swift; path = TimeBlockModel.swift; sourceTree = "<group>"; };
		BD9A16C6296725E70093FB1C /* EditSumUnitView.swift */ = {isa = PBXFileReference; lastKnownFileType = sourcecode.swift; path = EditSumUnitView.swift; sourceTree = "<group>"; };
		BD9A16C8296736430093FB1C /* UserDefaultsManager.swift */ = {isa = PBXFileReference; lastKnownFileType = sourcecode.swift; path = UserDefaultsManager.swift; sourceTree = "<group>"; };
		BDE6D02A2967DC1D00F79CB6 /* SplashViewController.storyboard */ = {isa = PBXFileReference; lastKnownFileType = file.storyboard; path = SplashViewController.storyboard; sourceTree = "<group>"; };
		BF7D2041780639BA852C6127 /* Pods_WorkCalculator.framework */ = {isa = PBXFileReference; explicitFileType = wrapper.framework; includeInIndex = 0; path = Pods_WorkCalculator.framework; sourceTree = BUILT_PRODUCTS_DIR; };
		C50E4420C95A8C0349035577 /* Pods-WorkCalculator.debug.xcconfig */ = {isa = PBXFileReference; includeInIndex = 1; lastKnownFileType = text.xcconfig; name = "Pods-WorkCalculator.debug.xcconfig"; path = "Target Support Files/Pods-WorkCalculator/Pods-WorkCalculator.debug.xcconfig"; sourceTree = "<group>"; };
		F104DBC49D5D8CFB7390A31B /* Pods-WorkCalculator.release.xcconfig */ = {isa = PBXFileReference; includeInIndex = 1; lastKnownFileType = text.xcconfig; name = "Pods-WorkCalculator.release.xcconfig"; path = "Target Support Files/Pods-WorkCalculator/Pods-WorkCalculator.release.xcconfig"; sourceTree = "<group>"; };
/* End PBXFileReference section */

/* Begin PBXFrameworksBuildPhase section */
		BD470D392966C4CE00404AB4 /* Frameworks */ = {
			isa = PBXFrameworksBuildPhase;
			buildActionMask = 2147483647;
			files = (
				FFEE75A1C310A619BF24BA78 /* Pods_WorkCalculator.framework in Frameworks */,
			);
			runOnlyForDeploymentPostprocessing = 0;
		};
/* End PBXFrameworksBuildPhase section */

/* Begin PBXGroup section */
		98DE9976053F8BFF538EBBB7 /* Pods */ = {
			isa = PBXGroup;
			children = (
				C50E4420C95A8C0349035577 /* Pods-WorkCalculator.debug.xcconfig */,
				F104DBC49D5D8CFB7390A31B /* Pods-WorkCalculator.release.xcconfig */,
			);
			path = Pods;
			sourceTree = "<group>";
		};
		B1F236BC17C4848485E410D4 /* Frameworks */ = {
			isa = PBXGroup;
			children = (
				BF7D2041780639BA852C6127 /* Pods_WorkCalculator.framework */,
			);
			name = Frameworks;
			sourceTree = "<group>";
		};
		BD470D332966C4CE00404AB4 = {
			isa = PBXGroup;
			children = (
				BD470D3E2966C4CE00404AB4 /* WorkCalculator */,
				BD470D3D2966C4CE00404AB4 /* Products */,
				98DE9976053F8BFF538EBBB7 /* Pods */,
				B1F236BC17C4848485E410D4 /* Frameworks */,
			);
			sourceTree = "<group>";
		};
		BD470D3D2966C4CE00404AB4 /* Products */ = {
			isa = PBXGroup;
			children = (
				BD470D3C2966C4CE00404AB4 /* WorkCalculator.app */,
			);
			name = Products;
			sourceTree = "<group>";
		};
		BD470D3E2966C4CE00404AB4 /* WorkCalculator */ = {
			isa = PBXGroup;
			children = (
				BD470D5C2966C8D100404AB4 /* Manager */,
				BD470D5B2966C8C900404AB4 /* Scene */,
				BD470D5A2966C8BF00404AB4 /* Model */,
				BD470D592966C8B300404AB4 /* Support */,
			);
			path = WorkCalculator;
			sourceTree = "<group>";
		};
		BD470D592966C8B300404AB4 /* Support */ = {
			isa = PBXGroup;
			children = (
				BD470D572966C88E00404AB4 /* GoogleService-Info.plist */,
				BD470D482966C4CF00404AB4 /* Assets.xcassets */,
				BD470D4D2966C4CF00404AB4 /* Info.plist */,
				BDE6D02A2967DC1D00F79CB6 /* SplashViewController.storyboard */,
			);
			path = Support;
			sourceTree = "<group>";
		};
		BD470D5A2966C8BF00404AB4 /* Model */ = {
			isa = PBXGroup;
			children = (
				BD470D612966C98A00404AB4 /* TodayModel.swift */,
				BD470D882966F80F00404AB4 /* TimeBlockModel.swift */,
			);
			path = Model;
			sourceTree = "<group>";
		};
		BD470D5B2966C8C900404AB4 /* Scene */ = {
			isa = PBXGroup;
			children = (
				BD470D3F2966C4CE00404AB4 /* AppDelegate.swift */,
				BD470D552966C74400404AB4 /* Scene.swift */,
				BD470D632966C9EA00404AB4 /* Splash */,
				BD470D642966C9F000404AB4 /* Edit */,
				BD470D812966EDF900404AB4 /* Picker */,
			);
			path = Scene;
			sourceTree = "<group>";
		};
		BD470D5C2966C8D100404AB4 /* Manager */ = {
			isa = PBXGroup;
			children = (
				BD9A16C8296736430093FB1C /* UserDefaultsManager.swift */,
				BD470D5D2966C8DB00404AB4 /* FirebaseManager.swift */,
				BD470D782966DDD600404AB4 /* DateManager.swift */,
			);
			path = Manager;
			sourceTree = "<group>";
		};
		BD470D632966C9EA00404AB4 /* Splash */ = {
			isa = PBXGroup;
			children = (
				BD470D6B2966CA6500404AB4 /* SplashView.swift */,
				BD470D532966C66E00404AB4 /* SplashViewController.swift */,
				BD470D6D2966CA6C00404AB4 /* SplashViewModel.swift */,
			);
			path = Splash;
			sourceTree = "<group>";
		};
		BD470D642966C9F000404AB4 /* Edit */ = {
			isa = PBXGroup;
			children = (
				BD470D6F2966CC1700404AB4 /* EidtUnitView.swift */,
				BD470D712966D42700404AB4 /* EditUnitViewModel.swift */,
				BD9A16C6296725E70093FB1C /* EditSumUnitView.swift */,
				BD470D652966CA1000404AB4 /* EditView.swift */,
				BD470D672966CA1500404AB4 /* EditViewController.swift */,
				BD470D692966CA1900404AB4 /* EditViewModel.swift */,
			);
			path = Edit;
			sourceTree = "<group>";
		};
		BD470D812966EDF900404AB4 /* Picker */ = {
			isa = PBXGroup;
			children = (
				BD470D822966EE1800404AB4 /* PickerView.swift */,
				BD470D842966EE1C00404AB4 /* PickerViewController.swift */,
				BD470D862966EE2100404AB4 /* PickerViewModel.swift */,
			);
			path = Picker;
			sourceTree = "<group>";
		};
/* End PBXGroup section */

/* Begin PBXNativeTarget section */
		BD470D3B2966C4CE00404AB4 /* WorkCalculator */ = {
			isa = PBXNativeTarget;
			buildConfigurationList = BD470D502966C4CF00404AB4 /* Build configuration list for PBXNativeTarget "WorkCalculator" */;
			buildPhases = (
				71A52DC18E4F55BEC83475DE /* [CP] Check Pods Manifest.lock */,
				BD470D382966C4CE00404AB4 /* Sources */,
				BD470D392966C4CE00404AB4 /* Frameworks */,
				BD470D3A2966C4CE00404AB4 /* Resources */,
				F8DFA78D9339D263F8B99C50 /* [CP] Embed Pods Frameworks */,
			);
			buildRules = (
			);
			dependencies = (
			);
			name = WorkCalculator;
			productName = WorkCalculator;
			productReference = BD470D3C2966C4CE00404AB4 /* WorkCalculator.app */;
			productType = "com.apple.product-type.application";
		};
/* End PBXNativeTarget section */

/* Begin PBXProject section */
		BD470D342966C4CE00404AB4 /* Project object */ = {
			isa = PBXProject;
			attributes = {
				BuildIndependentTargetsInParallel = 1;
				LastSwiftUpdateCheck = 1420;
				LastUpgradeCheck = 1420;
				TargetAttributes = {
					BD470D3B2966C4CE00404AB4 = {
						CreatedOnToolsVersion = 14.2;
					};
				};
			};
			buildConfigurationList = BD470D372966C4CE00404AB4 /* Build configuration list for PBXProject "WorkCalculator" */;
			compatibilityVersion = "Xcode 14.0";
			developmentRegion = en;
			hasScannedForEncodings = 0;
			knownRegions = (
				en,
				Base,
			);
			mainGroup = BD470D332966C4CE00404AB4;
			productRefGroup = BD470D3D2966C4CE00404AB4 /* Products */;
			projectDirPath = "";
			projectRoot = "";
			targets = (
				BD470D3B2966C4CE00404AB4 /* WorkCalculator */,
			);
		};
/* End PBXProject section */

/* Begin PBXResourcesBuildPhase section */
		BD470D3A2966C4CE00404AB4 /* Resources */ = {
			isa = PBXResourcesBuildPhase;
			buildActionMask = 2147483647;
			files = (
				BD470D492966C4CF00404AB4 /* Assets.xcassets in Resources */,
				BDE6D02B2967DC1D00F79CB6 /* SplashViewController.storyboard in Resources */,
				BD470D582966C88E00404AB4 /* GoogleService-Info.plist in Resources */,
			);
			runOnlyForDeploymentPostprocessing = 0;
		};
/* End PBXResourcesBuildPhase section */

/* Begin PBXShellScriptBuildPhase section */
		71A52DC18E4F55BEC83475DE /* [CP] Check Pods Manifest.lock */ = {
			isa = PBXShellScriptBuildPhase;
			buildActionMask = 2147483647;
			files = (
			);
			inputFileListPaths = (
			);
			inputPaths = (
				"${PODS_PODFILE_DIR_PATH}/Podfile.lock",
				"${PODS_ROOT}/Manifest.lock",
			);
			name = "[CP] Check Pods Manifest.lock";
			outputFileListPaths = (
			);
			outputPaths = (
				"$(DERIVED_FILE_DIR)/Pods-WorkCalculator-checkManifestLockResult.txt",
			);
			runOnlyForDeploymentPostprocessing = 0;
			shellPath = /bin/sh;
			shellScript = "diff \"${PODS_PODFILE_DIR_PATH}/Podfile.lock\" \"${PODS_ROOT}/Manifest.lock\" > /dev/null\nif [ $? != 0 ] ; then\n    # print error to STDERR\n    echo \"error: The sandbox is not in sync with the Podfile.lock. Run 'pod install' or update your CocoaPods installation.\" >&2\n    exit 1\nfi\n# This output is used by Xcode 'outputs' to avoid re-running this script phase.\necho \"SUCCESS\" > \"${SCRIPT_OUTPUT_FILE_0}\"\n";
			showEnvVarsInLog = 0;
		};
		F8DFA78D9339D263F8B99C50 /* [CP] Embed Pods Frameworks */ = {
			isa = PBXShellScriptBuildPhase;
			buildActionMask = 2147483647;
			files = (
			);
			inputFileListPaths = (
				"${PODS_ROOT}/Target Support Files/Pods-WorkCalculator/Pods-WorkCalculator-frameworks-${CONFIGURATION}-input-files.xcfilelist",
			);
			name = "[CP] Embed Pods Frameworks";
			outputFileListPaths = (
				"${PODS_ROOT}/Target Support Files/Pods-WorkCalculator/Pods-WorkCalculator-frameworks-${CONFIGURATION}-output-files.xcfilelist",
			);
			runOnlyForDeploymentPostprocessing = 0;
			shellPath = /bin/sh;
			shellScript = "\"${PODS_ROOT}/Target Support Files/Pods-WorkCalculator/Pods-WorkCalculator-frameworks.sh\"\n";
			showEnvVarsInLog = 0;
		};
/* End PBXShellScriptBuildPhase section */

/* Begin PBXSourcesBuildPhase section */
		BD470D382966C4CE00404AB4 /* Sources */ = {
			isa = PBXSourcesBuildPhase;
			buildActionMask = 2147483647;
			files = (
				BD470D722966D42700404AB4 /* EditUnitViewModel.swift in Sources */,
				BD470D792966DDD600404AB4 /* DateManager.swift in Sources */,
				BD470D6A2966CA1900404AB4 /* EditViewModel.swift in Sources */,
				BD470D562966C74400404AB4 /* Scene.swift in Sources */,
				BD470D832966EE1800404AB4 /* PickerView.swift in Sources */,
				BD9A16C9296736430093FB1C /* UserDefaultsManager.swift in Sources */,
				BD470D542966C66E00404AB4 /* SplashViewController.swift in Sources */,
				BD470D892966F80F00404AB4 /* TimeBlockModel.swift in Sources */,
				BD470D872966EE2100404AB4 /* PickerViewModel.swift in Sources */,
				BD470D662966CA1000404AB4 /* EditView.swift in Sources */,
				BD470D5E2966C8DB00404AB4 /* FirebaseManager.swift in Sources */,
				BD470D6E2966CA6C00404AB4 /* SplashViewModel.swift in Sources */,
				BD470D702966CC1700404AB4 /* EidtUnitView.swift in Sources */,
				BD470D402966C4CE00404AB4 /* AppDelegate.swift in Sources */,
				BD470D622966C98A00404AB4 /* TodayModel.swift in Sources */,
				BD470D682966CA1500404AB4 /* EditViewController.swift in Sources */,
				BD470D6C2966CA6500404AB4 /* SplashView.swift in Sources */,
				BD9A16C7296725E70093FB1C /* EditSumUnitView.swift in Sources */,
				BD470D852966EE1C00404AB4 /* PickerViewController.swift in Sources */,
			);
			runOnlyForDeploymentPostprocessing = 0;
		};
/* End PBXSourcesBuildPhase section */

/* Begin XCBuildConfiguration section */
		BD470D4E2966C4CF00404AB4 /* Debug */ = {
			isa = XCBuildConfiguration;
			buildSettings = {
				ALWAYS_SEARCH_USER_PATHS = NO;
				CLANG_ANALYZER_NONNULL = YES;
				CLANG_ANALYZER_NUMBER_OBJECT_CONVERSION = YES_AGGRESSIVE;
				CLANG_CXX_LANGUAGE_STANDARD = "gnu++20";
				CLANG_ENABLE_MODULES = YES;
				CLANG_ENABLE_OBJC_ARC = YES;
				CLANG_ENABLE_OBJC_WEAK = YES;
				CLANG_WARN_BLOCK_CAPTURE_AUTORELEASING = YES;
				CLANG_WARN_BOOL_CONVERSION = YES;
				CLANG_WARN_COMMA = YES;
				CLANG_WARN_CONSTANT_CONVERSION = YES;
				CLANG_WARN_DEPRECATED_OBJC_IMPLEMENTATIONS = YES;
				CLANG_WARN_DIRECT_OBJC_ISA_USAGE = YES_ERROR;
				CLANG_WARN_DOCUMENTATION_COMMENTS = YES;
				CLANG_WARN_EMPTY_BODY = YES;
				CLANG_WARN_ENUM_CONVERSION = YES;
				CLANG_WARN_INFINITE_RECURSION = YES;
				CLANG_WARN_INT_CONVERSION = YES;
				CLANG_WARN_NON_LITERAL_NULL_CONVERSION = YES;
				CLANG_WARN_OBJC_IMPLICIT_RETAIN_SELF = YES;
				CLANG_WARN_OBJC_LITERAL_CONVERSION = YES;
				CLANG_WARN_OBJC_ROOT_CLASS = YES_ERROR;
				CLANG_WARN_QUOTED_INCLUDE_IN_FRAMEWORK_HEADER = YES;
				CLANG_WARN_RANGE_LOOP_ANALYSIS = YES;
				CLANG_WARN_STRICT_PROTOTYPES = YES;
				CLANG_WARN_SUSPICIOUS_MOVE = YES;
				CLANG_WARN_UNGUARDED_AVAILABILITY = YES_AGGRESSIVE;
				CLANG_WARN_UNREACHABLE_CODE = YES;
				CLANG_WARN__DUPLICATE_METHOD_MATCH = YES;
				COPY_PHASE_STRIP = NO;
				DEBUG_INFORMATION_FORMAT = dwarf;
				ENABLE_STRICT_OBJC_MSGSEND = YES;
				ENABLE_TESTABILITY = YES;
				GCC_C_LANGUAGE_STANDARD = gnu11;
				GCC_DYNAMIC_NO_PIC = NO;
				GCC_NO_COMMON_BLOCKS = YES;
				GCC_OPTIMIZATION_LEVEL = 0;
				GCC_PREPROCESSOR_DEFINITIONS = (
					"DEBUG=1",
					"$(inherited)",
				);
				GCC_WARN_64_TO_32_BIT_CONVERSION = YES;
				GCC_WARN_ABOUT_RETURN_TYPE = YES_ERROR;
				GCC_WARN_UNDECLARED_SELECTOR = YES;
				GCC_WARN_UNINITIALIZED_AUTOS = YES_AGGRESSIVE;
				GCC_WARN_UNUSED_FUNCTION = YES;
				GCC_WARN_UNUSED_VARIABLE = YES;
				IPHONEOS_DEPLOYMENT_TARGET = 15.0;
				MTL_ENABLE_DEBUG_INFO = INCLUDE_SOURCE;
				MTL_FAST_MATH = YES;
				ONLY_ACTIVE_ARCH = YES;
				SDKROOT = iphoneos;
				SWIFT_ACTIVE_COMPILATION_CONDITIONS = DEBUG;
				SWIFT_OPTIMIZATION_LEVEL = "-Onone";
			};
			name = Debug;
		};
		BD470D4F2966C4CF00404AB4 /* Release */ = {
			isa = XCBuildConfiguration;
			buildSettings = {
				ALWAYS_SEARCH_USER_PATHS = NO;
				CLANG_ANALYZER_NONNULL = YES;
				CLANG_ANALYZER_NUMBER_OBJECT_CONVERSION = YES_AGGRESSIVE;
				CLANG_CXX_LANGUAGE_STANDARD = "gnu++20";
				CLANG_ENABLE_MODULES = YES;
				CLANG_ENABLE_OBJC_ARC = YES;
				CLANG_ENABLE_OBJC_WEAK = YES;
				CLANG_WARN_BLOCK_CAPTURE_AUTORELEASING = YES;
				CLANG_WARN_BOOL_CONVERSION = YES;
				CLANG_WARN_COMMA = YES;
				CLANG_WARN_CONSTANT_CONVERSION = YES;
				CLANG_WARN_DEPRECATED_OBJC_IMPLEMENTATIONS = YES;
				CLANG_WARN_DIRECT_OBJC_ISA_USAGE = YES_ERROR;
				CLANG_WARN_DOCUMENTATION_COMMENTS = YES;
				CLANG_WARN_EMPTY_BODY = YES;
				CLANG_WARN_ENUM_CONVERSION = YES;
				CLANG_WARN_INFINITE_RECURSION = YES;
				CLANG_WARN_INT_CONVERSION = YES;
				CLANG_WARN_NON_LITERAL_NULL_CONVERSION = YES;
				CLANG_WARN_OBJC_IMPLICIT_RETAIN_SELF = YES;
				CLANG_WARN_OBJC_LITERAL_CONVERSION = YES;
				CLANG_WARN_OBJC_ROOT_CLASS = YES_ERROR;
				CLANG_WARN_QUOTED_INCLUDE_IN_FRAMEWORK_HEADER = YES;
				CLANG_WARN_RANGE_LOOP_ANALYSIS = YES;
				CLANG_WARN_STRICT_PROTOTYPES = YES;
				CLANG_WARN_SUSPICIOUS_MOVE = YES;
				CLANG_WARN_UNGUARDED_AVAILABILITY = YES_AGGRESSIVE;
				CLANG_WARN_UNREACHABLE_CODE = YES;
				CLANG_WARN__DUPLICATE_METHOD_MATCH = YES;
				COPY_PHASE_STRIP = NO;
				DEBUG_INFORMATION_FORMAT = "dwarf-with-dsym";
				ENABLE_NS_ASSERTIONS = NO;
				ENABLE_STRICT_OBJC_MSGSEND = YES;
				GCC_C_LANGUAGE_STANDARD = gnu11;
				GCC_NO_COMMON_BLOCKS = YES;
				GCC_WARN_64_TO_32_BIT_CONVERSION = YES;
				GCC_WARN_ABOUT_RETURN_TYPE = YES_ERROR;
				GCC_WARN_UNDECLARED_SELECTOR = YES;
				GCC_WARN_UNINITIALIZED_AUTOS = YES_AGGRESSIVE;
				GCC_WARN_UNUSED_FUNCTION = YES;
				GCC_WARN_UNUSED_VARIABLE = YES;
				IPHONEOS_DEPLOYMENT_TARGET = 15.0;
				MTL_ENABLE_DEBUG_INFO = NO;
				MTL_FAST_MATH = YES;
				SDKROOT = iphoneos;
				SWIFT_COMPILATION_MODE = wholemodule;
				SWIFT_OPTIMIZATION_LEVEL = "-O";
				VALIDATE_PRODUCT = YES;
			};
			name = Release;
		};
		BD470D512966C4CF00404AB4 /* Debug */ = {
			isa = XCBuildConfiguration;
			baseConfigurationReference = C50E4420C95A8C0349035577 /* Pods-WorkCalculator.debug.xcconfig */;
			buildSettings = {
				ASSETCATALOG_COMPILER_APPICON_NAME = AppIcon;
				ASSETCATALOG_COMPILER_GLOBAL_ACCENT_COLOR_NAME = AccentColor;
				CODE_SIGN_STYLE = Automatic;
				CURRENT_PROJECT_VERSION = 3;
				DEVELOPMENT_TEAM = ZLN97H98PA;
				GENERATE_INFOPLIST_FILE = YES;
				INFOPLIST_FILE = WorkCalculator/Support/Info.plist;
				INFOPLIST_KEY_CFBundleDisplayName = "칼퇴 계산기";
				INFOPLIST_KEY_UIApplicationSupportsIndirectInputEvents = YES;
				INFOPLIST_KEY_UILaunchStoryboardName = SplashViewController;
				INFOPLIST_KEY_UIMainStoryboardFile = SplashViewController;
				INFOPLIST_KEY_UISupportedInterfaceOrientations_iPad = "UIInterfaceOrientationPortrait UIInterfaceOrientationPortraitUpsideDown UIInterfaceOrientationLandscapeLeft UIInterfaceOrientationLandscapeRight";
				INFOPLIST_KEY_UISupportedInterfaceOrientations_iPhone = "UIInterfaceOrientationPortrait UIInterfaceOrientationLandscapeLeft UIInterfaceOrientationLandscapeRight";
				IPHONEOS_DEPLOYMENT_TARGET = 15.0;
				LD_RUNPATH_SEARCH_PATHS = (
					"$(inherited)",
					"@executable_path/Frameworks",
				);
				MARKETING_VERSION = 0.1.0;
				PRODUCT_BUNDLE_IDENTIFIER = com.QEDStudio.WorkCalculator;
				PRODUCT_NAME = "$(TARGET_NAME)";
				SWIFT_EMIT_LOC_STRINGS = YES;
				SWIFT_VERSION = 5.0;
				TARGETED_DEVICE_FAMILY = "1,2";
			};
			name = Debug;
		};
		BD470D522966C4CF00404AB4 /* Release */ = {
			isa = XCBuildConfiguration;
			baseConfigurationReference = F104DBC49D5D8CFB7390A31B /* Pods-WorkCalculator.release.xcconfig */;
			buildSettings = {
				ASSETCATALOG_COMPILER_APPICON_NAME = AppIcon;
				ASSETCATALOG_COMPILER_GLOBAL_ACCENT_COLOR_NAME = AccentColor;
				CODE_SIGN_STYLE = Automatic;
				CURRENT_PROJECT_VERSION = 3;
				DEVELOPMENT_TEAM = ZLN97H98PA;
				GENERATE_INFOPLIST_FILE = YES;
				INFOPLIST_FILE = WorkCalculator/Support/Info.plist;
				INFOPLIST_KEY_CFBundleDisplayName = "칼퇴 계산기";
				INFOPLIST_KEY_UIApplicationSupportsIndirectInputEvents = YES;
				INFOPLIST_KEY_UILaunchStoryboardName = SplashViewController;
				INFOPLIST_KEY_UIMainStoryboardFile = SplashViewController;
				INFOPLIST_KEY_UISupportedInterfaceOrientations_iPad = "UIInterfaceOrientationPortrait UIInterfaceOrientationPortraitUpsideDown UIInterfaceOrientationLandscapeLeft UIInterfaceOrientationLandscapeRight";
				INFOPLIST_KEY_UISupportedInterfaceOrientations_iPhone = "UIInterfaceOrientationPortrait UIInterfaceOrientationLandscapeLeft UIInterfaceOrientationLandscapeRight";
				IPHONEOS_DEPLOYMENT_TARGET = 15.0;
				LD_RUNPATH_SEARCH_PATHS = (
					"$(inherited)",
					"@executable_path/Frameworks",
				);
				MARKETING_VERSION = 0.1.0;
				ONLY_ACTIVE_ARCH = YES;
				PRODUCT_BUNDLE_IDENTIFIER = com.QEDStudio.WorkCalculator;
				PRODUCT_NAME = "$(TARGET_NAME)";
				SWIFT_EMIT_LOC_STRINGS = YES;
				SWIFT_VERSION = 5.0;
				TARGETED_DEVICE_FAMILY = "1,2";
			};
			name = Release;
		};
/* End XCBuildConfiguration section */

/* Begin XCConfigurationList section */
		BD470D372966C4CE00404AB4 /* Build configuration list for PBXProject "WorkCalculator" */ = {
			isa = XCConfigurationList;
			buildConfigurations = (
				BD470D4E2966C4CF00404AB4 /* Debug */,
				BD470D4F2966C4CF00404AB4 /* Release */,
			);
			defaultConfigurationIsVisible = 0;
			defaultConfigurationName = Release;
		};
		BD470D502966C4CF00404AB4 /* Build configuration list for PBXNativeTarget "WorkCalculator" */ = {
			isa = XCConfigurationList;
			buildConfigurations = (
				BD470D512966C4CF00404AB4 /* Debug */,
				BD470D522966C4CF00404AB4 /* Release */,
			);
			defaultConfigurationIsVisible = 0;
			defaultConfigurationName = Release;
		};
/* End XCConfigurationList section */
	};
	rootObject = BD470D342966C4CE00404AB4 /* Project object */;
}
