// !$*UTF8*$!
{
	archiveVersion = 1;
	classes = {
	};
	objectVersion = 56;
	objects = {

/* Begin PBXBuildFile section */
		BD0344D929707972001B3010 /* MainWeekInfoView.swift in Sources */ = {isa = PBXBuildFile; fileRef = BD0344D829707972001B3010 /* MainWeekInfoView.swift */; };
		BD0C9B0D29A378750053CAB2 /* MainViewProtocol.swift in Sources */ = {isa = PBXBuildFile; fileRef = BD0C9B0C29A378750053CAB2 /* MainViewProtocol.swift */; };
		BD0C9B0F29A37C430053CAB2 /* MainViewType.swift in Sources */ = {isa = PBXBuildFile; fileRef = BD0C9B0E29A37C430053CAB2 /* MainViewType.swift */; };
		BD13E963297072C800A7EE31 /* GoogleService-Info-Debug.plist in Resources */ = {isa = PBXBuildFile; fileRef = BD13E962297072C800A7EE31 /* GoogleService-Info-Debug.plist */; };
		BD311DB829A75A0B008F0515 /* MainDayMessageView.swift in Sources */ = {isa = PBXBuildFile; fileRef = BD311DB729A75A0B008F0515 /* MainDayMessageView.swift */; };
		BD311DBA29A7A46B008F0515 /* MainDayBlockView.swift in Sources */ = {isa = PBXBuildFile; fileRef = BD311DB929A7A46B008F0515 /* MainDayBlockView.swift */; };
		BD311DBC29A7A4EC008F0515 /* MainDayBlockCollectionViewCell.swift in Sources */ = {isa = PBXBuildFile; fileRef = BD311DBB29A7A4EC008F0515 /* MainDayBlockCollectionViewCell.swift */; };
		BD3C031329A4CA98006F9044 /* MainDayView.swift in Sources */ = {isa = PBXBuildFile; fileRef = BD3C031229A4CA98006F9044 /* MainDayView.swift */; };
		BD3C031629A4D223006F9044 /* MainDayInfoView.swift in Sources */ = {isa = PBXBuildFile; fileRef = BD3C031529A4D223006F9044 /* MainDayInfoView.swift */; };
		BD412A5229725D4400FCA4BF /* HistoryTableViewCell.swift in Sources */ = {isa = PBXBuildFile; fileRef = BD412A5129725D4400FCA4BF /* HistoryTableViewCell.swift */; };
		BD412A5429725E1900FCA4BF /* HistoryTimeBlockView.swift in Sources */ = {isa = PBXBuildFile; fileRef = BD412A5329725E1900FCA4BF /* HistoryTimeBlockView.swift */; };
		BD449F6429A8BB7F00C00693 /* NotionModel.swift in Sources */ = {isa = PBXBuildFile; fileRef = BD449F6329A8BB7F00C00693 /* NotionModel.swift */; };
		BD470D402966C4CE00404AB4 /* AppDelegate.swift in Sources */ = {isa = PBXBuildFile; fileRef = BD470D3F2966C4CE00404AB4 /* AppDelegate.swift */; };
		BD470D492966C4CF00404AB4 /* Assets.xcassets in Resources */ = {isa = PBXBuildFile; fileRef = BD470D482966C4CF00404AB4 /* Assets.xcassets */; };
		BD470D542966C66E00404AB4 /* SplashViewController.swift in Sources */ = {isa = PBXBuildFile; fileRef = BD470D532966C66E00404AB4 /* SplashViewController.swift */; };
		BD470D562966C74400404AB4 /* Scene.swift in Sources */ = {isa = PBXBuildFile; fileRef = BD470D552966C74400404AB4 /* Scene.swift */; };
		BD470D582966C88E00404AB4 /* GoogleService-Info-Release.plist in Resources */ = {isa = PBXBuildFile; fileRef = BD470D572966C88E00404AB4 /* GoogleService-Info-Release.plist */; };
		BD470D662966CA1000404AB4 /* MainWeekView.swift in Sources */ = {isa = PBXBuildFile; fileRef = BD470D652966CA1000404AB4 /* MainWeekView.swift */; };
		BD470D682966CA1500404AB4 /* MainViewController.swift in Sources */ = {isa = PBXBuildFile; fileRef = BD470D672966CA1500404AB4 /* MainViewController.swift */; };
		BD470D6A2966CA1900404AB4 /* MainViewModel.swift in Sources */ = {isa = PBXBuildFile; fileRef = BD470D692966CA1900404AB4 /* MainViewModel.swift */; };
		BD470D6C2966CA6500404AB4 /* SplashView.swift in Sources */ = {isa = PBXBuildFile; fileRef = BD470D6B2966CA6500404AB4 /* SplashView.swift */; };
		BD470D6E2966CA6C00404AB4 /* SplashViewModel.swift in Sources */ = {isa = PBXBuildFile; fileRef = BD470D6D2966CA6C00404AB4 /* SplashViewModel.swift */; };
		BD470D702966CC1700404AB4 /* MainWeekBlockView.swift in Sources */ = {isa = PBXBuildFile; fileRef = BD470D6F2966CC1700404AB4 /* MainWeekBlockView.swift */; };
		BD470D722966D42700404AB4 /* MainBlockViewModel.swift in Sources */ = {isa = PBXBuildFile; fileRef = BD470D712966D42700404AB4 /* MainBlockViewModel.swift */; };
		BD470D792966DDD600404AB4 /* DateManager.swift in Sources */ = {isa = PBXBuildFile; fileRef = BD470D782966DDD600404AB4 /* DateManager.swift */; };
		BD470D832966EE1800404AB4 /* PickerView.swift in Sources */ = {isa = PBXBuildFile; fileRef = BD470D822966EE1800404AB4 /* PickerView.swift */; };
		BD470D852966EE1C00404AB4 /* PickerViewController.swift in Sources */ = {isa = PBXBuildFile; fileRef = BD470D842966EE1C00404AB4 /* PickerViewController.swift */; };
		BD470D872966EE2100404AB4 /* PickerViewModel.swift in Sources */ = {isa = PBXBuildFile; fileRef = BD470D862966EE2100404AB4 /* PickerViewModel.swift */; };
		BD6E36CE296E86460077E8DB /* NumberPadCollectionViewCell.swift in Sources */ = {isa = PBXBuildFile; fileRef = BD6E36CD296E86460077E8DB /* NumberPadCollectionViewCell.swift */; };
		BD6E36D0296E94D40077E8DB /* InputButtonView.swift in Sources */ = {isa = PBXBuildFile; fileRef = BD6E36CF296E94D40077E8DB /* InputButtonView.swift */; };
		BD6E36D3296ECFBB0077E8DB /* UpdateView.swift in Sources */ = {isa = PBXBuildFile; fileRef = BD6E36D2296ECFBB0077E8DB /* UpdateView.swift */; };
		BD6E36D5296ECFC20077E8DB /* UpdateViewController.swift in Sources */ = {isa = PBXBuildFile; fileRef = BD6E36D4296ECFC20077E8DB /* UpdateViewController.swift */; };
		BD6E36D7296ECFC90077E8DB /* UpdateViewModel.swift in Sources */ = {isa = PBXBuildFile; fileRef = BD6E36D6296ECFC90077E8DB /* UpdateViewModel.swift */; };
		BD6E36DA296EE6EC0077E8DB /* ProgressView.swift in Sources */ = {isa = PBXBuildFile; fileRef = BD6E36D9296EE6EC0077E8DB /* ProgressView.swift */; };
		BD6E36DD296FF0740077E8DB /* UpdateDateModel.swift in Sources */ = {isa = PBXBuildFile; fileRef = BD6E36DC296FF0740077E8DB /* UpdateDateModel.swift */; };
		BD6E36E7297121430077E8DB /* HistoryView.swift in Sources */ = {isa = PBXBuildFile; fileRef = BD6E36E6297121430077E8DB /* HistoryView.swift */; };
		BD6E36E9297121470077E8DB /* HistoryViewController.swift in Sources */ = {isa = PBXBuildFile; fileRef = BD6E36E8297121470077E8DB /* HistoryViewController.swift */; };
		BD6E36EB2971214C0077E8DB /* HistoryViewModel.swift in Sources */ = {isa = PBXBuildFile; fileRef = BD6E36EA2971214C0077E8DB /* HistoryViewModel.swift */; };
		BD730B1329714B71001E6B4D /* RealmManager.swift in Sources */ = {isa = PBXBuildFile; fileRef = BD730B1229714B71001E6B4D /* RealmManager.swift */; };
		BD730B1829752446001E6B4D /* ReHistoryView.swift in Sources */ = {isa = PBXBuildFile; fileRef = BD730B1729752446001E6B4D /* ReHistoryView.swift */; };
		BD730B1A2975245D001E6B4D /* HistoryCollectionViewCell.swift in Sources */ = {isa = PBXBuildFile; fileRef = BD730B192975245D001E6B4D /* HistoryCollectionViewCell.swift */; };
		BD7831372968679200907452 /* FirebaseRoot.swift in Sources */ = {isa = PBXBuildFile; fileRef = BD7831362968679200907452 /* FirebaseRoot.swift */; };
		BD783139296867AA00907452 /* NetworkError.swift in Sources */ = {isa = PBXBuildFile; fileRef = BD783138296867AA00907452 /* NetworkError.swift */; };
		BD78313B2968684000907452 /* FirebaseProvider.swift in Sources */ = {isa = PBXBuildFile; fileRef = BD78313A2968684000907452 /* FirebaseProvider.swift */; };
		BD78313D29686BD800907452 /* SettingModel.swift in Sources */ = {isa = PBXBuildFile; fileRef = BD78313C29686BD800907452 /* SettingModel.swift */; };
		BD78313F296871CB00907452 /* AppManager.swift in Sources */ = {isa = PBXBuildFile; fileRef = BD78313E296871CB00907452 /* AppManager.swift */; };
		BD7831422968764B00907452 /* SettingView.swift in Sources */ = {isa = PBXBuildFile; fileRef = BD7831412968764B00907452 /* SettingView.swift */; };
		BD7831442968765000907452 /* SettingViewController.swift in Sources */ = {isa = PBXBuildFile; fileRef = BD7831432968765000907452 /* SettingViewController.swift */; };
		BD7831462968765400907452 /* SettingViewModel.swift in Sources */ = {isa = PBXBuildFile; fileRef = BD7831452968765400907452 /* SettingViewModel.swift */; };
		BD7831482968773C00907452 /* SettingIDView.swift in Sources */ = {isa = PBXBuildFile; fileRef = BD7831472968773C00907452 /* SettingIDView.swift */; };
		BD78314A296878B700907452 /* SettingInputTypeView.swift in Sources */ = {isa = PBXBuildFile; fileRef = BD783149296878B700907452 /* SettingInputTypeView.swift */; };
		BD78314C2968825100907452 /* InputType.swift in Sources */ = {isa = PBXBuildFile; fileRef = BD78314B2968825100907452 /* InputType.swift */; };
		BD78314E2968859B00907452 /* SettingHourSliderView.swift in Sources */ = {isa = PBXBuildFile; fileRef = BD78314D2968859B00907452 /* SettingHourSliderView.swift */; };
		BD7831502968876700907452 /* SettingInfoLabel.swift in Sources */ = {isa = PBXBuildFile; fileRef = BD78314F2968876700907452 /* SettingInfoLabel.swift */; };
		BD783153296ADA2700907452 /* NumberPadView.swift in Sources */ = {isa = PBXBuildFile; fileRef = BD783152296ADA2700907452 /* NumberPadView.swift */; };
		BD783155296ADA2C00907452 /* NumberPadViewController.swift in Sources */ = {isa = PBXBuildFile; fileRef = BD783154296ADA2C00907452 /* NumberPadViewController.swift */; };
		BD783157296ADA3200907452 /* NumberPadViewModel.swift in Sources */ = {isa = PBXBuildFile; fileRef = BD783156296ADA3200907452 /* NumberPadViewModel.swift */; };
		BD9962FE296C389000601874 /* SettingDaysView.swift in Sources */ = {isa = PBXBuildFile; fileRef = BD9962FD296C389000601874 /* SettingDaysView.swift */; };
		BD9A16C7296725E70093FB1C /* MainWeekSumUnitView.swift in Sources */ = {isa = PBXBuildFile; fileRef = BD9A16C6296725E70093FB1C /* MainWeekSumUnitView.swift */; };
		BD9A16C9296736430093FB1C /* UserDefaultsManager.swift in Sources */ = {isa = PBXBuildFile; fileRef = BD9A16C8296736430093FB1C /* UserDefaultsManager.swift */; };
		BD9D7B1929744FE700B311EB /* Extension+Int.swift in Sources */ = {isa = PBXBuildFile; fileRef = BD9D7B1829744FE700B311EB /* Extension+Int.swift */; };
		BD9D7B1B29745A6700B311EB /* RealmBlockModel.swift in Sources */ = {isa = PBXBuildFile; fileRef = BD9D7B1A29745A6700B311EB /* RealmBlockModel.swift */; };
		BDBC33CE2974199F0073754E /* BlockModel.swift in Sources */ = {isa = PBXBuildFile; fileRef = BDBC33CD2974199F0073754E /* BlockModel.swift */; };
		BDBC4F20297A7EB0007C1C1A /* AppConfigureModel.swift in Sources */ = {isa = PBXBuildFile; fileRef = BDBC4F1F297A7EB0007C1C1A /* AppConfigureModel.swift */; };
		BDDAA9B029A89F82000001EB /* NotionProvider.swift in Sources */ = {isa = PBXBuildFile; fileRef = BDDAA9AF29A89F82000001EB /* NotionProvider.swift */; };
		BDE6D02B2967DC1D00F79CB6 /* SplashViewController.storyboard in Resources */ = {isa = PBXBuildFile; fileRef = BDE6D02A2967DC1D00F79CB6 /* SplashViewController.storyboard */; };
		FE2F56DEA624171BBC2E1B0A /* Pods_WorkCalculator.framework in Frameworks */ = {isa = PBXBuildFile; fileRef = 50AC98ACB26649BCF5B1BED1 /* Pods_WorkCalculator.framework */; };
/* End PBXBuildFile section */

/* Begin PBXFileReference section */
		27D318A083CACEDC4BEF5015 /* Pods-WorkCalculator.debug.xcconfig */ = {isa = PBXFileReference; includeInIndex = 1; lastKnownFileType = text.xcconfig; name = "Pods-WorkCalculator.debug.xcconfig"; path = "Target Support Files/Pods-WorkCalculator/Pods-WorkCalculator.debug.xcconfig"; sourceTree = "<group>"; };
		50AC98ACB26649BCF5B1BED1 /* Pods_WorkCalculator.framework */ = {isa = PBXFileReference; explicitFileType = wrapper.framework; includeInIndex = 0; path = Pods_WorkCalculator.framework; sourceTree = BUILT_PRODUCTS_DIR; };
		BD0344D829707972001B3010 /* MainWeekInfoView.swift */ = {isa = PBXFileReference; lastKnownFileType = sourcecode.swift; path = MainWeekInfoView.swift; sourceTree = "<group>"; };
		BD0C9B0C29A378750053CAB2 /* MainViewProtocol.swift */ = {isa = PBXFileReference; lastKnownFileType = sourcecode.swift; path = MainViewProtocol.swift; sourceTree = "<group>"; };
		BD0C9B0E29A37C430053CAB2 /* MainViewType.swift */ = {isa = PBXFileReference; lastKnownFileType = sourcecode.swift; path = MainViewType.swift; sourceTree = "<group>"; };
		BD13E962297072C800A7EE31 /* GoogleService-Info-Debug.plist */ = {isa = PBXFileReference; fileEncoding = 4; lastKnownFileType = text.plist.xml; path = "GoogleService-Info-Debug.plist"; sourceTree = "<group>"; };
		BD311DB729A75A0B008F0515 /* MainDayMessageView.swift */ = {isa = PBXFileReference; lastKnownFileType = sourcecode.swift; path = MainDayMessageView.swift; sourceTree = "<group>"; };
		BD311DB929A7A46B008F0515 /* MainDayBlockView.swift */ = {isa = PBXFileReference; lastKnownFileType = sourcecode.swift; path = MainDayBlockView.swift; sourceTree = "<group>"; };
		BD311DBB29A7A4EC008F0515 /* MainDayBlockCollectionViewCell.swift */ = {isa = PBXFileReference; lastKnownFileType = sourcecode.swift; path = MainDayBlockCollectionViewCell.swift; sourceTree = "<group>"; };
		BD3C031229A4CA98006F9044 /* MainDayView.swift */ = {isa = PBXFileReference; lastKnownFileType = sourcecode.swift; path = MainDayView.swift; sourceTree = "<group>"; };
		BD3C031529A4D223006F9044 /* MainDayInfoView.swift */ = {isa = PBXFileReference; lastKnownFileType = sourcecode.swift; path = MainDayInfoView.swift; sourceTree = "<group>"; };
		BD412A5129725D4400FCA4BF /* HistoryTableViewCell.swift */ = {isa = PBXFileReference; lastKnownFileType = sourcecode.swift; path = HistoryTableViewCell.swift; sourceTree = "<group>"; };
		BD412A5329725E1900FCA4BF /* HistoryTimeBlockView.swift */ = {isa = PBXFileReference; lastKnownFileType = sourcecode.swift; path = HistoryTimeBlockView.swift; sourceTree = "<group>"; };
		BD449F6329A8BB7F00C00693 /* NotionModel.swift */ = {isa = PBXFileReference; lastKnownFileType = sourcecode.swift; path = NotionModel.swift; sourceTree = "<group>"; };
		BD470D3C2966C4CE00404AB4 /* WorkCalculator.app */ = {isa = PBXFileReference; explicitFileType = wrapper.application; includeInIndex = 0; path = WorkCalculator.app; sourceTree = BUILT_PRODUCTS_DIR; };
		BD470D3F2966C4CE00404AB4 /* AppDelegate.swift */ = {isa = PBXFileReference; lastKnownFileType = sourcecode.swift; path = AppDelegate.swift; sourceTree = "<group>"; };
		BD470D482966C4CF00404AB4 /* Assets.xcassets */ = {isa = PBXFileReference; lastKnownFileType = folder.assetcatalog; path = Assets.xcassets; sourceTree = "<group>"; };
		BD470D4D2966C4CF00404AB4 /* Info.plist */ = {isa = PBXFileReference; lastKnownFileType = text.plist.xml; path = Info.plist; sourceTree = "<group>"; };
		BD470D532966C66E00404AB4 /* SplashViewController.swift */ = {isa = PBXFileReference; lastKnownFileType = sourcecode.swift; path = SplashViewController.swift; sourceTree = "<group>"; };
		BD470D552966C74400404AB4 /* Scene.swift */ = {isa = PBXFileReference; lastKnownFileType = sourcecode.swift; path = Scene.swift; sourceTree = "<group>"; };
		BD470D572966C88E00404AB4 /* GoogleService-Info-Release.plist */ = {isa = PBXFileReference; fileEncoding = 4; lastKnownFileType = text.plist.xml; path = "GoogleService-Info-Release.plist"; sourceTree = "<group>"; };
		BD470D652966CA1000404AB4 /* MainWeekView.swift */ = {isa = PBXFileReference; lastKnownFileType = sourcecode.swift; path = MainWeekView.swift; sourceTree = "<group>"; };
		BD470D672966CA1500404AB4 /* MainViewController.swift */ = {isa = PBXFileReference; lastKnownFileType = sourcecode.swift; path = MainViewController.swift; sourceTree = "<group>"; };
		BD470D692966CA1900404AB4 /* MainViewModel.swift */ = {isa = PBXFileReference; lastKnownFileType = sourcecode.swift; path = MainViewModel.swift; sourceTree = "<group>"; };
		BD470D6B2966CA6500404AB4 /* SplashView.swift */ = {isa = PBXFileReference; lastKnownFileType = sourcecode.swift; path = SplashView.swift; sourceTree = "<group>"; };
		BD470D6D2966CA6C00404AB4 /* SplashViewModel.swift */ = {isa = PBXFileReference; lastKnownFileType = sourcecode.swift; path = SplashViewModel.swift; sourceTree = "<group>"; };
		BD470D6F2966CC1700404AB4 /* MainWeekBlockView.swift */ = {isa = PBXFileReference; lastKnownFileType = sourcecode.swift; path = MainWeekBlockView.swift; sourceTree = "<group>"; };
		BD470D712966D42700404AB4 /* MainBlockViewModel.swift */ = {isa = PBXFileReference; lastKnownFileType = sourcecode.swift; path = MainBlockViewModel.swift; sourceTree = "<group>"; };
		BD470D782966DDD600404AB4 /* DateManager.swift */ = {isa = PBXFileReference; lastKnownFileType = sourcecode.swift; path = DateManager.swift; sourceTree = "<group>"; };
		BD470D822966EE1800404AB4 /* PickerView.swift */ = {isa = PBXFileReference; lastKnownFileType = sourcecode.swift; path = PickerView.swift; sourceTree = "<group>"; };
		BD470D842966EE1C00404AB4 /* PickerViewController.swift */ = {isa = PBXFileReference; lastKnownFileType = sourcecode.swift; path = PickerViewController.swift; sourceTree = "<group>"; };
		BD470D862966EE2100404AB4 /* PickerViewModel.swift */ = {isa = PBXFileReference; lastKnownFileType = sourcecode.swift; path = PickerViewModel.swift; sourceTree = "<group>"; };
		BD6E36CD296E86460077E8DB /* NumberPadCollectionViewCell.swift */ = {isa = PBXFileReference; lastKnownFileType = sourcecode.swift; path = NumberPadCollectionViewCell.swift; sourceTree = "<group>"; };
		BD6E36CF296E94D40077E8DB /* InputButtonView.swift */ = {isa = PBXFileReference; lastKnownFileType = sourcecode.swift; path = InputButtonView.swift; sourceTree = "<group>"; };
		BD6E36D2296ECFBB0077E8DB /* UpdateView.swift */ = {isa = PBXFileReference; lastKnownFileType = sourcecode.swift; path = UpdateView.swift; sourceTree = "<group>"; };
		BD6E36D4296ECFC20077E8DB /* UpdateViewController.swift */ = {isa = PBXFileReference; lastKnownFileType = sourcecode.swift; path = UpdateViewController.swift; sourceTree = "<group>"; };
		BD6E36D6296ECFC90077E8DB /* UpdateViewModel.swift */ = {isa = PBXFileReference; lastKnownFileType = sourcecode.swift; path = UpdateViewModel.swift; sourceTree = "<group>"; };
		BD6E36D9296EE6EC0077E8DB /* ProgressView.swift */ = {isa = PBXFileReference; lastKnownFileType = sourcecode.swift; path = ProgressView.swift; sourceTree = "<group>"; };
		BD6E36DC296FF0740077E8DB /* UpdateDateModel.swift */ = {isa = PBXFileReference; lastKnownFileType = sourcecode.swift; path = UpdateDateModel.swift; sourceTree = "<group>"; };
		BD6E36E6297121430077E8DB /* HistoryView.swift */ = {isa = PBXFileReference; lastKnownFileType = sourcecode.swift; path = HistoryView.swift; sourceTree = "<group>"; };
		BD6E36E8297121470077E8DB /* HistoryViewController.swift */ = {isa = PBXFileReference; lastKnownFileType = sourcecode.swift; path = HistoryViewController.swift; sourceTree = "<group>"; };
		BD6E36EA2971214C0077E8DB /* HistoryViewModel.swift */ = {isa = PBXFileReference; lastKnownFileType = sourcecode.swift; path = HistoryViewModel.swift; sourceTree = "<group>"; };
		BD730B1229714B71001E6B4D /* RealmManager.swift */ = {isa = PBXFileReference; lastKnownFileType = sourcecode.swift; path = RealmManager.swift; sourceTree = "<group>"; };
		BD730B1729752446001E6B4D /* ReHistoryView.swift */ = {isa = PBXFileReference; lastKnownFileType = sourcecode.swift; path = ReHistoryView.swift; sourceTree = "<group>"; };
		BD730B192975245D001E6B4D /* HistoryCollectionViewCell.swift */ = {isa = PBXFileReference; lastKnownFileType = sourcecode.swift; path = HistoryCollectionViewCell.swift; sourceTree = "<group>"; };
		BD7831362968679200907452 /* FirebaseRoot.swift */ = {isa = PBXFileReference; lastKnownFileType = sourcecode.swift; path = FirebaseRoot.swift; sourceTree = "<group>"; };
		BD783138296867AA00907452 /* NetworkError.swift */ = {isa = PBXFileReference; lastKnownFileType = sourcecode.swift; path = NetworkError.swift; sourceTree = "<group>"; };
		BD78313A2968684000907452 /* FirebaseProvider.swift */ = {isa = PBXFileReference; lastKnownFileType = sourcecode.swift; path = FirebaseProvider.swift; sourceTree = "<group>"; };
		BD78313C29686BD800907452 /* SettingModel.swift */ = {isa = PBXFileReference; lastKnownFileType = sourcecode.swift; path = SettingModel.swift; sourceTree = "<group>"; };
		BD78313E296871CB00907452 /* AppManager.swift */ = {isa = PBXFileReference; lastKnownFileType = sourcecode.swift; path = AppManager.swift; sourceTree = "<group>"; };
		BD7831412968764B00907452 /* SettingView.swift */ = {isa = PBXFileReference; lastKnownFileType = sourcecode.swift; path = SettingView.swift; sourceTree = "<group>"; };
		BD7831432968765000907452 /* SettingViewController.swift */ = {isa = PBXFileReference; lastKnownFileType = sourcecode.swift; path = SettingViewController.swift; sourceTree = "<group>"; };
		BD7831452968765400907452 /* SettingViewModel.swift */ = {isa = PBXFileReference; lastKnownFileType = sourcecode.swift; path = SettingViewModel.swift; sourceTree = "<group>"; };
		BD7831472968773C00907452 /* SettingIDView.swift */ = {isa = PBXFileReference; lastKnownFileType = sourcecode.swift; path = SettingIDView.swift; sourceTree = "<group>"; };
		BD783149296878B700907452 /* SettingInputTypeView.swift */ = {isa = PBXFileReference; lastKnownFileType = sourcecode.swift; path = SettingInputTypeView.swift; sourceTree = "<group>"; };
		BD78314B2968825100907452 /* InputType.swift */ = {isa = PBXFileReference; lastKnownFileType = sourcecode.swift; path = InputType.swift; sourceTree = "<group>"; };
		BD78314D2968859B00907452 /* SettingHourSliderView.swift */ = {isa = PBXFileReference; lastKnownFileType = sourcecode.swift; path = SettingHourSliderView.swift; sourceTree = "<group>"; };
		BD78314F2968876700907452 /* SettingInfoLabel.swift */ = {isa = PBXFileReference; lastKnownFileType = sourcecode.swift; path = SettingInfoLabel.swift; sourceTree = "<group>"; };
		BD783152296ADA2700907452 /* NumberPadView.swift */ = {isa = PBXFileReference; lastKnownFileType = sourcecode.swift; path = NumberPadView.swift; sourceTree = "<group>"; };
		BD783154296ADA2C00907452 /* NumberPadViewController.swift */ = {isa = PBXFileReference; lastKnownFileType = sourcecode.swift; path = NumberPadViewController.swift; sourceTree = "<group>"; };
		BD783156296ADA3200907452 /* NumberPadViewModel.swift */ = {isa = PBXFileReference; lastKnownFileType = sourcecode.swift; path = NumberPadViewModel.swift; sourceTree = "<group>"; };
		BD9962FD296C389000601874 /* SettingDaysView.swift */ = {isa = PBXFileReference; lastKnownFileType = sourcecode.swift; path = SettingDaysView.swift; sourceTree = "<group>"; };
		BD9A16C6296725E70093FB1C /* MainWeekSumUnitView.swift */ = {isa = PBXFileReference; lastKnownFileType = sourcecode.swift; path = MainWeekSumUnitView.swift; sourceTree = "<group>"; };
		BD9A16C8296736430093FB1C /* UserDefaultsManager.swift */ = {isa = PBXFileReference; lastKnownFileType = sourcecode.swift; path = UserDefaultsManager.swift; sourceTree = "<group>"; };
		BD9D7B1829744FE700B311EB /* Extension+Int.swift */ = {isa = PBXFileReference; lastKnownFileType = sourcecode.swift; path = "Extension+Int.swift"; sourceTree = "<group>"; };
		BD9D7B1A29745A6700B311EB /* RealmBlockModel.swift */ = {isa = PBXFileReference; lastKnownFileType = sourcecode.swift; path = RealmBlockModel.swift; sourceTree = "<group>"; };
		BDBC33CD2974199F0073754E /* BlockModel.swift */ = {isa = PBXFileReference; lastKnownFileType = sourcecode.swift; path = BlockModel.swift; sourceTree = "<group>"; };
		BDBC4F1F297A7EB0007C1C1A /* AppConfigureModel.swift */ = {isa = PBXFileReference; lastKnownFileType = sourcecode.swift; path = AppConfigureModel.swift; sourceTree = "<group>"; };
		BDDAA9AF29A89F82000001EB /* NotionProvider.swift */ = {isa = PBXFileReference; lastKnownFileType = sourcecode.swift; path = NotionProvider.swift; sourceTree = "<group>"; };
		BDE6D02A2967DC1D00F79CB6 /* SplashViewController.storyboard */ = {isa = PBXFileReference; lastKnownFileType = file.storyboard; path = SplashViewController.storyboard; sourceTree = "<group>"; };
		F578C96866DECC6C0B77A42D /* Pods-WorkCalculator.release.xcconfig */ = {isa = PBXFileReference; includeInIndex = 1; lastKnownFileType = text.xcconfig; name = "Pods-WorkCalculator.release.xcconfig"; path = "Target Support Files/Pods-WorkCalculator/Pods-WorkCalculator.release.xcconfig"; sourceTree = "<group>"; };
/* End PBXFileReference section */

/* Begin PBXFrameworksBuildPhase section */
		BD470D392966C4CE00404AB4 /* Frameworks */ = {
			isa = PBXFrameworksBuildPhase;
			buildActionMask = 2147483647;
			files = (
				FE2F56DEA624171BBC2E1B0A /* Pods_WorkCalculator.framework in Frameworks */,
			);
			runOnlyForDeploymentPostprocessing = 0;
		};
/* End PBXFrameworksBuildPhase section */

/* Begin PBXGroup section */
		3FE919CA46CE3FF36B6473BC /* Frameworks */ = {
			isa = PBXGroup;
			children = (
				50AC98ACB26649BCF5B1BED1 /* Pods_WorkCalculator.framework */,
			);
			name = Frameworks;
			sourceTree = "<group>";
		};
		98DE9976053F8BFF538EBBB7 /* Pods */ = {
			isa = PBXGroup;
			children = (
				27D318A083CACEDC4BEF5015 /* Pods-WorkCalculator.debug.xcconfig */,
				F578C96866DECC6C0B77A42D /* Pods-WorkCalculator.release.xcconfig */,
			);
			path = Pods;
			sourceTree = "<group>";
		};
		BD0C9B0A29A36F040053CAB2 /* Week */ = {
			isa = PBXGroup;
			children = (
				BD0344D829707972001B3010 /* MainWeekInfoView.swift */,
				BD470D6F2966CC1700404AB4 /* MainWeekBlockView.swift */,
				BD9A16C6296725E70093FB1C /* MainWeekSumUnitView.swift */,
				BD470D652966CA1000404AB4 /* MainWeekView.swift */,
			);
			path = Week;
			sourceTree = "<group>";
		};
		BD0C9B0B29A3734B0053CAB2 /* Day */ = {
			isa = PBXGroup;
			children = (
				BD3C031529A4D223006F9044 /* MainDayInfoView.swift */,
				BD311DB729A75A0B008F0515 /* MainDayMessageView.swift */,
				BD311DB929A7A46B008F0515 /* MainDayBlockView.swift */,
				BD311DBB29A7A4EC008F0515 /* MainDayBlockCollectionViewCell.swift */,
				BD3C031229A4CA98006F9044 /* MainDayView.swift */,
			);
			path = Day;
			sourceTree = "<group>";
		};
		BD13E95D29706FEE00A7EE31 /* Debug */ = {
			isa = PBXGroup;
			children = (
				BD13E962297072C800A7EE31 /* GoogleService-Info-Debug.plist */,
			);
			path = Debug;
			sourceTree = "<group>";
		};
		BD13E95E29706FF300A7EE31 /* Release */ = {
			isa = PBXGroup;
			children = (
				BD470D572966C88E00404AB4 /* GoogleService-Info-Release.plist */,
			);
			path = Release;
			sourceTree = "<group>";
		};
		BD470D332966C4CE00404AB4 = {
			isa = PBXGroup;
			children = (
				BD470D3E2966C4CE00404AB4 /* WorkCalculator */,
				BD470D3D2966C4CE00404AB4 /* Products */,
				98DE9976053F8BFF538EBBB7 /* Pods */,
				3FE919CA46CE3FF36B6473BC /* Frameworks */,
			);
			sourceTree = "<group>";
		};
		BD470D3D2966C4CE00404AB4 /* Products */ = {
			isa = PBXGroup;
			children = (
				BD470D3C2966C4CE00404AB4 /* WorkCalculator.app */,
			);
			name = Products;
			sourceTree = "<group>";
		};
		BD470D3E2966C4CE00404AB4 /* WorkCalculator */ = {
			isa = PBXGroup;
			children = (
				BD9D7B1729744FD700B311EB /* Extension */,
				BD470D5B2966C8C900404AB4 /* Scene */,
				BD6E36DB296EE7000077E8DB /* View */,
				BD8F87812968665E0086F6C1 /* Firebase */,
				BD470D5A2966C8BF00404AB4 /* Model */,
				BD470D5C2966C8D100404AB4 /* Manager */,
				BDDAA9AE29A89F5C000001EB /* Provider */,
				BD470D592966C8B300404AB4 /* Support */,
			);
			path = WorkCalculator;
			sourceTree = "<group>";
		};
		BD470D592966C8B300404AB4 /* Support */ = {
			isa = PBXGroup;
			children = (
				BD470D482966C4CF00404AB4 /* Assets.xcassets */,
				BD470D4D2966C4CF00404AB4 /* Info.plist */,
				BDE6D02A2967DC1D00F79CB6 /* SplashViewController.storyboard */,
			);
			path = Support;
			sourceTree = "<group>";
		};
		BD470D5A2966C8BF00404AB4 /* Model */ = {
			isa = PBXGroup;
			children = (
				BDBC4F1F297A7EB0007C1C1A /* AppConfigureModel.swift */,
				BDBC33CD2974199F0073754E /* BlockModel.swift */,
				BD9D7B1A29745A6700B311EB /* RealmBlockModel.swift */,
				BD78313C29686BD800907452 /* SettingModel.swift */,
				BD6E36DC296FF0740077E8DB /* UpdateDateModel.swift */,
				BD78314B2968825100907452 /* InputType.swift */,
				BD0C9B0E29A37C430053CAB2 /* MainViewType.swift */,
				BD449F6329A8BB7F00C00693 /* NotionModel.swift */,
			);
			path = Model;
			sourceTree = "<group>";
		};
		BD470D5B2966C8C900404AB4 /* Scene */ = {
			isa = PBXGroup;
			children = (
				BD470D3F2966C4CE00404AB4 /* AppDelegate.swift */,
				BD470D552966C74400404AB4 /* Scene.swift */,
				BD470D632966C9EA00404AB4 /* Splash */,
				BD470D642966C9F000404AB4 /* Main */,
				BD470D812966EDF900404AB4 /* Picker */,
				BD783151296ADA1100907452 /* NumberPad */,
				BD6E36E5297121390077E8DB /* History */,
				BD7831402968763D00907452 /* Setting */,
				BD6E36D1296ECF980077E8DB /* Update */,
			);
			path = Scene;
			sourceTree = "<group>";
		};
		BD470D5C2966C8D100404AB4 /* Manager */ = {
			isa = PBXGroup;
			children = (
				BD78313E296871CB00907452 /* AppManager.swift */,
				BD470D782966DDD600404AB4 /* DateManager.swift */,
				BD9A16C8296736430093FB1C /* UserDefaultsManager.swift */,
				BD730B1229714B71001E6B4D /* RealmManager.swift */,
			);
			path = Manager;
			sourceTree = "<group>";
		};
		BD470D632966C9EA00404AB4 /* Splash */ = {
			isa = PBXGroup;
			children = (
				BD470D6B2966CA6500404AB4 /* SplashView.swift */,
				BD470D532966C66E00404AB4 /* SplashViewController.swift */,
				BD470D6D2966CA6C00404AB4 /* SplashViewModel.swift */,
			);
			path = Splash;
			sourceTree = "<group>";
		};
		BD470D642966C9F000404AB4 /* Main */ = {
			isa = PBXGroup;
			children = (
				BD0C9B0A29A36F040053CAB2 /* Week */,
				BD0C9B0B29A3734B0053CAB2 /* Day */,
				BD0C9B0C29A378750053CAB2 /* MainViewProtocol.swift */,
				BD470D672966CA1500404AB4 /* MainViewController.swift */,
				BD470D692966CA1900404AB4 /* MainViewModel.swift */,
				BD470D712966D42700404AB4 /* MainBlockViewModel.swift */,
			);
			path = Main;
			sourceTree = "<group>";
		};
		BD470D812966EDF900404AB4 /* Picker */ = {
			isa = PBXGroup;
			children = (
				BD470D822966EE1800404AB4 /* PickerView.swift */,
				BD470D842966EE1C00404AB4 /* PickerViewController.swift */,
				BD470D862966EE2100404AB4 /* PickerViewModel.swift */,
			);
			path = Picker;
			sourceTree = "<group>";
		};
		BD6E36D1296ECF980077E8DB /* Update */ = {
			isa = PBXGroup;
			children = (
				BD6E36D2296ECFBB0077E8DB /* UpdateView.swift */,
				BD6E36D4296ECFC20077E8DB /* UpdateViewController.swift */,
				BD6E36D6296ECFC90077E8DB /* UpdateViewModel.swift */,
			);
			path = Update;
			sourceTree = "<group>";
		};
		BD6E36DB296EE7000077E8DB /* View */ = {
			isa = PBXGroup;
			children = (
				BD6E36D9296EE6EC0077E8DB /* ProgressView.swift */,
				BD6E36CF296E94D40077E8DB /* InputButtonView.swift */,
			);
			path = View;
			sourceTree = "<group>";
		};
		BD6E36E5297121390077E8DB /* History */ = {
			isa = PBXGroup;
			children = (
				BD412A5329725E1900FCA4BF /* HistoryTimeBlockView.swift */,
				BD412A5129725D4400FCA4BF /* HistoryTableViewCell.swift */,
				BD6E36E6297121430077E8DB /* HistoryView.swift */,
				BD730B192975245D001E6B4D /* HistoryCollectionViewCell.swift */,
				BD730B1729752446001E6B4D /* ReHistoryView.swift */,
				BD6E36E8297121470077E8DB /* HistoryViewController.swift */,
				BD6E36EA2971214C0077E8DB /* HistoryViewModel.swift */,
			);
			path = History;
			sourceTree = "<group>";
		};
		BD7831402968763D00907452 /* Setting */ = {
			isa = PBXGroup;
			children = (
				BD78314F2968876700907452 /* SettingInfoLabel.swift */,
				BD7831472968773C00907452 /* SettingIDView.swift */,
				BD9962FD296C389000601874 /* SettingDaysView.swift */,
				BD78314D2968859B00907452 /* SettingHourSliderView.swift */,
				BD783149296878B700907452 /* SettingInputTypeView.swift */,
				BD7831412968764B00907452 /* SettingView.swift */,
				BD7831432968765000907452 /* SettingViewController.swift */,
				BD7831452968765400907452 /* SettingViewModel.swift */,
			);
			path = Setting;
			sourceTree = "<group>";
		};
		BD783151296ADA1100907452 /* NumberPad */ = {
			isa = PBXGroup;
			children = (
				BD6E36CD296E86460077E8DB /* NumberPadCollectionViewCell.swift */,
				BD783152296ADA2700907452 /* NumberPadView.swift */,
				BD783154296ADA2C00907452 /* NumberPadViewController.swift */,
				BD783156296ADA3200907452 /* NumberPadViewModel.swift */,
			);
			path = NumberPad;
			sourceTree = "<group>";
		};
		BD8F87812968665E0086F6C1 /* Firebase */ = {
			isa = PBXGroup;
			children = (
				BD13E95D29706FEE00A7EE31 /* Debug */,
				BD13E95E29706FF300A7EE31 /* Release */,
				BD7831362968679200907452 /* FirebaseRoot.swift */,
				BD78313A2968684000907452 /* FirebaseProvider.swift */,
			);
			path = Firebase;
			sourceTree = "<group>";
		};
		BD9D7B1729744FD700B311EB /* Extension */ = {
			isa = PBXGroup;
			children = (
				BD9D7B1829744FE700B311EB /* Extension+Int.swift */,
			);
			path = Extension;
			sourceTree = "<group>";
		};
		BDDAA9AE29A89F5C000001EB /* Provider */ = {
			isa = PBXGroup;
			children = (
				BD783138296867AA00907452 /* NetworkError.swift */,
				BDDAA9AF29A89F82000001EB /* NotionProvider.swift */,
			);
			path = Provider;
			sourceTree = "<group>";
		};
/* End PBXGroup section */

/* Begin PBXNativeTarget section */
		BD470D3B2966C4CE00404AB4 /* WorkCalculator */ = {
			isa = PBXNativeTarget;
			buildConfigurationList = BD470D502966C4CF00404AB4 /* Build configuration list for PBXNativeTarget "WorkCalculator" */;
			buildPhases = (
				AEB5393DD6347B60B2751040 /* [CP] Check Pods Manifest.lock */,
				BD470D382966C4CE00404AB4 /* Sources */,
				BD470D392966C4CE00404AB4 /* Frameworks */,
				BD470D3A2966C4CE00404AB4 /* Resources */,
				BD13E9612970702C00A7EE31 /* Setup Firebase Run Script */,
				9190841C203C0F5FB1AD6763 /* [CP] Embed Pods Frameworks */,
			);
			buildRules = (
			);
			dependencies = (
			);
			name = WorkCalculator;
			productName = WorkCalculator;
			productReference = BD470D3C2966C4CE00404AB4 /* WorkCalculator.app */;
			productType = "com.apple.product-type.application";
		};
/* End PBXNativeTarget section */

/* Begin PBXProject section */
		BD470D342966C4CE00404AB4 /* Project object */ = {
			isa = PBXProject;
			attributes = {
				BuildIndependentTargetsInParallel = 1;
				LastSwiftUpdateCheck = 1420;
				LastUpgradeCheck = 1420;
				TargetAttributes = {
					BD470D3B2966C4CE00404AB4 = {
						CreatedOnToolsVersion = 14.2;
					};
				};
			};
			buildConfigurationList = BD470D372966C4CE00404AB4 /* Build configuration list for PBXProject "WorkCalculator" */;
			compatibilityVersion = "Xcode 14.0";
			developmentRegion = en;
			hasScannedForEncodings = 0;
			knownRegions = (
				en,
				Base,
			);
			mainGroup = BD470D332966C4CE00404AB4;
			productRefGroup = BD470D3D2966C4CE00404AB4 /* Products */;
			projectDirPath = "";
			projectRoot = "";
			targets = (
				BD470D3B2966C4CE00404AB4 /* WorkCalculator */,
			);
		};
/* End PBXProject section */

/* Begin PBXResourcesBuildPhase section */
		BD470D3A2966C4CE00404AB4 /* Resources */ = {
			isa = PBXResourcesBuildPhase;
			buildActionMask = 2147483647;
			files = (
				BD470D492966C4CF00404AB4 /* Assets.xcassets in Resources */,
				BDE6D02B2967DC1D00F79CB6 /* SplashViewController.storyboard in Resources */,
				BD470D582966C88E00404AB4 /* GoogleService-Info-Release.plist in Resources */,
				BD13E963297072C800A7EE31 /* GoogleService-Info-Debug.plist in Resources */,
			);
			runOnlyForDeploymentPostprocessing = 0;
		};
/* End PBXResourcesBuildPhase section */

/* Begin PBXShellScriptBuildPhase section */
		9190841C203C0F5FB1AD6763 /* [CP] Embed Pods Frameworks */ = {
			isa = PBXShellScriptBuildPhase;
			buildActionMask = 2147483647;
			files = (
			);
			inputFileListPaths = (
				"${PODS_ROOT}/Target Support Files/Pods-WorkCalculator/Pods-WorkCalculator-frameworks-${CONFIGURATION}-input-files.xcfilelist",
			);
			name = "[CP] Embed Pods Frameworks";
			outputFileListPaths = (
				"${PODS_ROOT}/Target Support Files/Pods-WorkCalculator/Pods-WorkCalculator-frameworks-${CONFIGURATION}-output-files.xcfilelist",
			);
			runOnlyForDeploymentPostprocessing = 0;
			shellPath = /bin/sh;
			shellScript = "\"${PODS_ROOT}/Target Support Files/Pods-WorkCalculator/Pods-WorkCalculator-frameworks.sh\"\n";
			showEnvVarsInLog = 0;
		};
		AEB5393DD6347B60B2751040 /* [CP] Check Pods Manifest.lock */ = {
			isa = PBXShellScriptBuildPhase;
			buildActionMask = 2147483647;
			files = (
			);
			inputFileListPaths = (
			);
			inputPaths = (
				"${PODS_PODFILE_DIR_PATH}/Podfile.lock",
				"${PODS_ROOT}/Manifest.lock",
			);
			name = "[CP] Check Pods Manifest.lock";
			outputFileListPaths = (
			);
			outputPaths = (
				"$(DERIVED_FILE_DIR)/Pods-WorkCalculator-checkManifestLockResult.txt",
			);
			runOnlyForDeploymentPostprocessing = 0;
			shellPath = /bin/sh;
			shellScript = "diff \"${PODS_PODFILE_DIR_PATH}/Podfile.lock\" \"${PODS_ROOT}/Manifest.lock\" > /dev/null\nif [ $? != 0 ] ; then\n    # print error to STDERR\n    echo \"error: The sandbox is not in sync with the Podfile.lock. Run 'pod install' or update your CocoaPods installation.\" >&2\n    exit 1\nfi\n# This output is used by Xcode 'outputs' to avoid re-running this script phase.\necho \"SUCCESS\" > \"${SCRIPT_OUTPUT_FILE_0}\"\n";
			showEnvVarsInLog = 0;
		};
		BD13E9612970702C00A7EE31 /* Setup Firebase Run Script */ = {
			isa = PBXShellScriptBuildPhase;
			buildActionMask = 2147483647;
			files = (
			);
			inputFileListPaths = (
			);
			inputPaths = (
			);
			name = "Setup Firebase Run Script";
			outputFileListPaths = (
			);
			outputPaths = (
			);
			runOnlyForDeploymentPostprocessing = 0;
			shellPath = /bin/sh;
			shellScript = "case \"${CONFIGURATION}\" in \n\"Debug\" ) \ncp -r \"$SRCROOT/${PRODUCT_NAME}/Firebase/Debug/GoogleService-Info-Debug.plist\" \"${BUILT_PRODUCTS_DIR}/${PRODUCT_NAME}.app/GoogleService-Info.plist\" ;; \n\"Release\" ) \ncp -r \"$SRCROOT/${PRODUCT_NAME}/Firebase/Release/GoogleService-Info-Release.plist\" \"${BUILT_PRODUCTS_DIR}/${PRODUCT_NAME}.app/GoogleService-Info.plist\" ;; *) ;; \nesac\n";
		};
/* End PBXShellScriptBuildPhase section */

/* Begin PBXSourcesBuildPhase section */
		BD470D382966C4CE00404AB4 /* Sources */ = {
			isa = PBXSourcesBuildPhase;
			buildActionMask = 2147483647;
			files = (
				BD78314E2968859B00907452 /* SettingHourSliderView.swift in Sources */,
				BDBC4F20297A7EB0007C1C1A /* AppConfigureModel.swift in Sources */,
				BD9D7B1929744FE700B311EB /* Extension+Int.swift in Sources */,
				BD78313D29686BD800907452 /* SettingModel.swift in Sources */,
				BD470D722966D42700404AB4 /* MainBlockViewModel.swift in Sources */,
				BD6E36CE296E86460077E8DB /* NumberPadCollectionViewCell.swift in Sources */,
				BD730B1329714B71001E6B4D /* RealmManager.swift in Sources */,
				BD470D792966DDD600404AB4 /* DateManager.swift in Sources */,
				BD7831462968765400907452 /* SettingViewModel.swift in Sources */,
				BD470D6A2966CA1900404AB4 /* MainViewModel.swift in Sources */,
				BD3C031329A4CA98006F9044 /* MainDayView.swift in Sources */,
				BD6E36D7296ECFC90077E8DB /* UpdateViewModel.swift in Sources */,
				BD783155296ADA2C00907452 /* NumberPadViewController.swift in Sources */,
				BD470D562966C74400404AB4 /* Scene.swift in Sources */,
				BD6E36EB2971214C0077E8DB /* HistoryViewModel.swift in Sources */,
				BD783153296ADA2700907452 /* NumberPadView.swift in Sources */,
				BD449F6429A8BB7F00C00693 /* NotionModel.swift in Sources */,
				BD0C9B0F29A37C430053CAB2 /* MainViewType.swift in Sources */,
				BD9962FE296C389000601874 /* SettingDaysView.swift in Sources */,
				BDDAA9B029A89F82000001EB /* NotionProvider.swift in Sources */,
				BD470D832966EE1800404AB4 /* PickerView.swift in Sources */,
				BD9A16C9296736430093FB1C /* UserDefaultsManager.swift in Sources */,
				BD0344D929707972001B3010 /* MainWeekInfoView.swift in Sources */,
				BD470D542966C66E00404AB4 /* SplashViewController.swift in Sources */,
				BDBC33CE2974199F0073754E /* BlockModel.swift in Sources */,
				BD6E36DA296EE6EC0077E8DB /* ProgressView.swift in Sources */,
				BD6E36E7297121430077E8DB /* HistoryView.swift in Sources */,
				BD78313F296871CB00907452 /* AppManager.swift in Sources */,
				BD6E36D0296E94D40077E8DB /* InputButtonView.swift in Sources */,
				BD3C031629A4D223006F9044 /* MainDayInfoView.swift in Sources */,
				BD78313B2968684000907452 /* FirebaseProvider.swift in Sources */,
				BD7831442968765000907452 /* SettingViewController.swift in Sources */,
				BD470D872966EE2100404AB4 /* PickerViewModel.swift in Sources */,
				BD783139296867AA00907452 /* NetworkError.swift in Sources */,
				BD7831482968773C00907452 /* SettingIDView.swift in Sources */,
				BD9D7B1B29745A6700B311EB /* RealmBlockModel.swift in Sources */,
				BD470D662966CA1000404AB4 /* MainWeekView.swift in Sources */,
				BD6E36E9297121470077E8DB /* HistoryViewController.swift in Sources */,
				BD470D6E2966CA6C00404AB4 /* SplashViewModel.swift in Sources */,
				BD6E36DD296FF0740077E8DB /* UpdateDateModel.swift in Sources */,
				BD730B1829752446001E6B4D /* ReHistoryView.swift in Sources */,
				BD470D702966CC1700404AB4 /* MainWeekBlockView.swift in Sources */,
				BD311DBC29A7A4EC008F0515 /* MainDayBlockCollectionViewCell.swift in Sources */,
				BD730B1A2975245D001E6B4D /* HistoryCollectionViewCell.swift in Sources */,
				BD412A5429725E1900FCA4BF /* HistoryTimeBlockView.swift in Sources */,
				BD0C9B0D29A378750053CAB2 /* MainViewProtocol.swift in Sources */,
				BD470D402966C4CE00404AB4 /* AppDelegate.swift in Sources */,
				BD7831372968679200907452 /* FirebaseRoot.swift in Sources */,
				BD6E36D3296ECFBB0077E8DB /* UpdateView.swift in Sources */,
				BD412A5229725D4400FCA4BF /* HistoryTableViewCell.swift in Sources */,
				BD470D682966CA1500404AB4 /* MainViewController.swift in Sources */,
				BD470D6C2966CA6500404AB4 /* SplashView.swift in Sources */,
				BD7831422968764B00907452 /* SettingView.swift in Sources */,
				BD9A16C7296725E70093FB1C /* MainWeekSumUnitView.swift in Sources */,
				BD311DBA29A7A46B008F0515 /* MainDayBlockView.swift in Sources */,
				BD78314A296878B700907452 /* SettingInputTypeView.swift in Sources */,
				BD470D852966EE1C00404AB4 /* PickerViewController.swift in Sources */,
				BD6E36D5296ECFC20077E8DB /* UpdateViewController.swift in Sources */,
				BD311DB829A75A0B008F0515 /* MainDayMessageView.swift in Sources */,
				BD78314C2968825100907452 /* InputType.swift in Sources */,
				BD7831502968876700907452 /* SettingInfoLabel.swift in Sources */,
				BD783157296ADA3200907452 /* NumberPadViewModel.swift in Sources */,
			);
			runOnlyForDeploymentPostprocessing = 0;
		};
/* End PBXSourcesBuildPhase section */

/* Begin XCBuildConfiguration section */
		BD470D4E2966C4CF00404AB4 /* Debug */ = {
			isa = XCBuildConfiguration;
			buildSettings = {
				ALWAYS_SEARCH_USER_PATHS = NO;
				CLANG_ANALYZER_NONNULL = YES;
				CLANG_ANALYZER_NUMBER_OBJECT_CONVERSION = YES_AGGRESSIVE;
				CLANG_CXX_LANGUAGE_STANDARD = "gnu++20";
				CLANG_ENABLE_MODULES = YES;
				CLANG_ENABLE_OBJC_ARC = YES;
				CLANG_ENABLE_OBJC_WEAK = YES;
				CLANG_WARN_BLOCK_CAPTURE_AUTORELEASING = YES;
				CLANG_WARN_BOOL_CONVERSION = YES;
				CLANG_WARN_COMMA = YES;
				CLANG_WARN_CONSTANT_CONVERSION = YES;
				CLANG_WARN_DEPRECATED_OBJC_IMPLEMENTATIONS = YES;
				CLANG_WARN_DIRECT_OBJC_ISA_USAGE = YES_ERROR;
				CLANG_WARN_DOCUMENTATION_COMMENTS = YES;
				CLANG_WARN_EMPTY_BODY = YES;
				CLANG_WARN_ENUM_CONVERSION = YES;
				CLANG_WARN_INFINITE_RECURSION = YES;
				CLANG_WARN_INT_CONVERSION = YES;
				CLANG_WARN_NON_LITERAL_NULL_CONVERSION = YES;
				CLANG_WARN_OBJC_IMPLICIT_RETAIN_SELF = YES;
				CLANG_WARN_OBJC_LITERAL_CONVERSION = YES;
				CLANG_WARN_OBJC_ROOT_CLASS = YES_ERROR;
				CLANG_WARN_QUOTED_INCLUDE_IN_FRAMEWORK_HEADER = YES;
				CLANG_WARN_RANGE_LOOP_ANALYSIS = YES;
				CLANG_WARN_STRICT_PROTOTYPES = YES;
				CLANG_WARN_SUSPICIOUS_MOVE = YES;
				CLANG_WARN_UNGUARDED_AVAILABILITY = YES_AGGRESSIVE;
				CLANG_WARN_UNREACHABLE_CODE = YES;
				CLANG_WARN__DUPLICATE_METHOD_MATCH = YES;
				COPY_PHASE_STRIP = NO;
				DEBUG_INFORMATION_FORMAT = dwarf;
				ENABLE_STRICT_OBJC_MSGSEND = YES;
				ENABLE_TESTABILITY = YES;
				GCC_C_LANGUAGE_STANDARD = gnu11;
				GCC_DYNAMIC_NO_PIC = NO;
				GCC_NO_COMMON_BLOCKS = YES;
				GCC_OPTIMIZATION_LEVEL = 0;
				GCC_PREPROCESSOR_DEFINITIONS = (
					"DEBUG=1",
					"$(inherited)",
				);
				GCC_WARN_64_TO_32_BIT_CONVERSION = YES;
				GCC_WARN_ABOUT_RETURN_TYPE = YES_ERROR;
				GCC_WARN_UNDECLARED_SELECTOR = YES;
				GCC_WARN_UNINITIALIZED_AUTOS = YES_AGGRESSIVE;
				GCC_WARN_UNUSED_FUNCTION = YES;
				GCC_WARN_UNUSED_VARIABLE = YES;
				IPHONEOS_DEPLOYMENT_TARGET = 15.0;
				MTL_ENABLE_DEBUG_INFO = INCLUDE_SOURCE;
				MTL_FAST_MATH = YES;
				ONLY_ACTIVE_ARCH = YES;
				SDKROOT = iphoneos;
				SWIFT_ACTIVE_COMPILATION_CONDITIONS = DEBUG;
				SWIFT_OPTIMIZATION_LEVEL = "-Onone";
			};
			name = Debug;
		};
		BD470D4F2966C4CF00404AB4 /* Release */ = {
			isa = XCBuildConfiguration;
			buildSettings = {
				ALWAYS_SEARCH_USER_PATHS = NO;
				CLANG_ANALYZER_NONNULL = YES;
				CLANG_ANALYZER_NUMBER_OBJECT_CONVERSION = YES_AGGRESSIVE;
				CLANG_CXX_LANGUAGE_STANDARD = "gnu++20";
				CLANG_ENABLE_MODULES = YES;
				CLANG_ENABLE_OBJC_ARC = YES;
				CLANG_ENABLE_OBJC_WEAK = YES;
				CLANG_WARN_BLOCK_CAPTURE_AUTORELEASING = YES;
				CLANG_WARN_BOOL_CONVERSION = YES;
				CLANG_WARN_COMMA = YES;
				CLANG_WARN_CONSTANT_CONVERSION = YES;
				CLANG_WARN_DEPRECATED_OBJC_IMPLEMENTATIONS = YES;
				CLANG_WARN_DIRECT_OBJC_ISA_USAGE = YES_ERROR;
				CLANG_WARN_DOCUMENTATION_COMMENTS = YES;
				CLANG_WARN_EMPTY_BODY = YES;
				CLANG_WARN_ENUM_CONVERSION = YES;
				CLANG_WARN_INFINITE_RECURSION = YES;
				CLANG_WARN_INT_CONVERSION = YES;
				CLANG_WARN_NON_LITERAL_NULL_CONVERSION = YES;
				CLANG_WARN_OBJC_IMPLICIT_RETAIN_SELF = YES;
				CLANG_WARN_OBJC_LITERAL_CONVERSION = YES;
				CLANG_WARN_OBJC_ROOT_CLASS = YES_ERROR;
				CLANG_WARN_QUOTED_INCLUDE_IN_FRAMEWORK_HEADER = YES;
				CLANG_WARN_RANGE_LOOP_ANALYSIS = YES;
				CLANG_WARN_STRICT_PROTOTYPES = YES;
				CLANG_WARN_SUSPICIOUS_MOVE = YES;
				CLANG_WARN_UNGUARDED_AVAILABILITY = YES_AGGRESSIVE;
				CLANG_WARN_UNREACHABLE_CODE = YES;
				CLANG_WARN__DUPLICATE_METHOD_MATCH = YES;
				COPY_PHASE_STRIP = NO;
				DEBUG_INFORMATION_FORMAT = "dwarf-with-dsym";
				ENABLE_NS_ASSERTIONS = NO;
				ENABLE_STRICT_OBJC_MSGSEND = YES;
				GCC_C_LANGUAGE_STANDARD = gnu11;
				GCC_NO_COMMON_BLOCKS = YES;
				GCC_WARN_64_TO_32_BIT_CONVERSION = YES;
				GCC_WARN_ABOUT_RETURN_TYPE = YES_ERROR;
				GCC_WARN_UNDECLARED_SELECTOR = YES;
				GCC_WARN_UNINITIALIZED_AUTOS = YES_AGGRESSIVE;
				GCC_WARN_UNUSED_FUNCTION = YES;
				GCC_WARN_UNUSED_VARIABLE = YES;
				IPHONEOS_DEPLOYMENT_TARGET = 15.0;
				MTL_ENABLE_DEBUG_INFO = NO;
				MTL_FAST_MATH = YES;
				SDKROOT = iphoneos;
				SWIFT_COMPILATION_MODE = wholemodule;
				SWIFT_OPTIMIZATION_LEVEL = "-O";
				VALIDATE_PRODUCT = YES;
			};
			name = Release;
		};
		BD470D512966C4CF00404AB4 /* Debug */ = {
			isa = XCBuildConfiguration;
			baseConfigurationReference = 27D318A083CACEDC4BEF5015 /* Pods-WorkCalculator.debug.xcconfig */;
			buildSettings = {
				ASSETCATALOG_COMPILER_APPICON_NAME = AppIcon;
				ASSETCATALOG_COMPILER_GLOBAL_ACCENT_COLOR_NAME = AccentColor;
				CODE_SIGN_STYLE = Automatic;
				CURRENT_PROJECT_VERSION = 1;
				DEBUG_INFORMATION_FORMAT = "dwarf-with-dsym";
				DEVELOPMENT_TEAM = ZLN97H98PA;
				GENERATE_INFOPLIST_FILE = YES;
				INFOPLIST_FILE = WorkCalculator/Support/Info.plist;
				INFOPLIST_KEY_CFBundleDisplayName = "디버그_칼퇴 계산기";
				INFOPLIST_KEY_UIApplicationSupportsIndirectInputEvents = YES;
				INFOPLIST_KEY_UILaunchStoryboardName = SplashViewController;
				INFOPLIST_KEY_UIMainStoryboardFile = SplashViewController;
				INFOPLIST_KEY_UISupportedInterfaceOrientations_iPad = "UIInterfaceOrientationPortrait UIInterfaceOrientationPortraitUpsideDown UIInterfaceOrientationLandscapeLeft UIInterfaceOrientationLandscapeRight";
				INFOPLIST_KEY_UISupportedInterfaceOrientations_iPhone = "UIInterfaceOrientationPortrait UIInterfaceOrientationLandscapeLeft UIInterfaceOrientationLandscapeRight";
				IPHONEOS_DEPLOYMENT_TARGET = 15.0;
				LD_RUNPATH_SEARCH_PATHS = (
					"$(inherited)",
					"@executable_path/Frameworks",
				);
				MARKETING_VERSION = 1.3.2;
				MTL_ENABLE_DEBUG_INFO = NO;
				ONLY_ACTIVE_ARCH = NO;
				PRODUCT_BUNDLE_IDENTIFIER = com.QEDStudio.WorkCalculatorDebug;
				PRODUCT_NAME = "$(TARGET_NAME)";
				SWIFT_EMIT_LOC_STRINGS = YES;
				SWIFT_VERSION = 5.0;
				TARGETED_DEVICE_FAMILY = "1,2";
			};
			name = Debug;
		};
		BD470D522966C4CF00404AB4 /* Release */ = {
			isa = XCBuildConfiguration;
			baseConfigurationReference = F578C96866DECC6C0B77A42D /* Pods-WorkCalculator.release.xcconfig */;
			buildSettings = {
				ASSETCATALOG_COMPILER_APPICON_NAME = AppIcon;
				ASSETCATALOG_COMPILER_GLOBAL_ACCENT_COLOR_NAME = AccentColor;
				CODE_SIGN_STYLE = Automatic;
				CURRENT_PROJECT_VERSION = 1;
				DEVELOPMENT_TEAM = ZLN97H98PA;
				GENERATE_INFOPLIST_FILE = YES;
				INFOPLIST_FILE = WorkCalculator/Support/Info.plist;
				INFOPLIST_KEY_CFBundleDisplayName = "칼퇴 계산기";
				INFOPLIST_KEY_UIApplicationSupportsIndirectInputEvents = YES;
				INFOPLIST_KEY_UILaunchStoryboardName = SplashViewController;
				INFOPLIST_KEY_UIMainStoryboardFile = SplashViewController;
				INFOPLIST_KEY_UISupportedInterfaceOrientations_iPad = "UIInterfaceOrientationPortrait UIInterfaceOrientationPortraitUpsideDown UIInterfaceOrientationLandscapeLeft UIInterfaceOrientationLandscapeRight";
				INFOPLIST_KEY_UISupportedInterfaceOrientations_iPhone = "UIInterfaceOrientationPortrait UIInterfaceOrientationLandscapeLeft UIInterfaceOrientationLandscapeRight";
				IPHONEOS_DEPLOYMENT_TARGET = 15.0;
				LD_RUNPATH_SEARCH_PATHS = (
					"$(inherited)",
					"@executable_path/Frameworks",
				);
				MARKETING_VERSION = 1.3.2;
				ONLY_ACTIVE_ARCH = NO;
				PRODUCT_BUNDLE_IDENTIFIER = com.QEDStudio.WorkCalculator;
				PRODUCT_NAME = "$(TARGET_NAME)";
				SWIFT_ACTIVE_COMPILATION_CONDITIONS = RELEASE;
				SWIFT_EMIT_LOC_STRINGS = YES;
				SWIFT_VERSION = 5.0;
				TARGETED_DEVICE_FAMILY = "1,2";
			};
			name = Release;
		};
/* End XCBuildConfiguration section */

/* Begin XCConfigurationList section */
		BD470D372966C4CE00404AB4 /* Build configuration list for PBXProject "WorkCalculator" */ = {
			isa = XCConfigurationList;
			buildConfigurations = (
				BD470D4E2966C4CF00404AB4 /* Debug */,
				BD470D4F2966C4CF00404AB4 /* Release */,
			);
			defaultConfigurationIsVisible = 0;
			defaultConfigurationName = Release;
		};
		BD470D502966C4CF00404AB4 /* Build configuration list for PBXNativeTarget "WorkCalculator" */ = {
			isa = XCConfigurationList;
			buildConfigurations = (
				BD470D512966C4CF00404AB4 /* Debug */,
				BD470D522966C4CF00404AB4 /* Release */,
			);
			defaultConfigurationIsVisible = 0;
			defaultConfigurationName = Release;
		};
/* End XCConfigurationList section */
	};
	rootObject = BD470D342966C4CE00404AB4 /* Project object */;
}
